// !$*UTF8*$!
{
	archiveVersion = 1;
	classes = {
	};
	objectVersion = 46;
	objects = {

/* Begin PBXBuildFile section */
		9710A4C4183F39900014E275 /* Foundation.framework in Frameworks */ = {isa = PBXBuildFile; fileRef = 9710A4C3183F39900014E275 /* Foundation.framework */; };
		9710A4C6183F39900014E275 /* CoreGraphics.framework in Frameworks */ = {isa = PBXBuildFile; fileRef = 9710A4C5183F39900014E275 /* CoreGraphics.framework */; };
		9710A4C8183F39900014E275 /* UIKit.framework in Frameworks */ = {isa = PBXBuildFile; fileRef = 9710A4C7183F39900014E275 /* UIKit.framework */; };
		9710A4CE183F39900014E275 /* InfoPlist.strings in Resources */ = {isa = PBXBuildFile; fileRef = 9710A4CC183F39900014E275 /* InfoPlist.strings */; };
		9710A4D0183F39900014E275 /* main.m in Sources */ = {isa = PBXBuildFile; fileRef = 9710A4CF183F39900014E275 /* main.m */; };
		9710A4D4183F39900014E275 /* TPAppDelegate.m in Sources */ = {isa = PBXBuildFile; fileRef = 9710A4D3183F39900014E275 /* TPAppDelegate.m */; };
		9710A4D7183F39900014E275 /* Main.storyboard in Resources */ = {isa = PBXBuildFile; fileRef = 9710A4D5183F39900014E275 /* Main.storyboard */; };
		9710A4DC183F39900014E275 /* Images.xcassets in Resources */ = {isa = PBXBuildFile; fileRef = 9710A4DB183F39900014E275 /* Images.xcassets */; };
		9710A4E3183F39900014E275 /* XCTest.framework in Frameworks */ = {isa = PBXBuildFile; fileRef = 9710A4E2183F39900014E275 /* XCTest.framework */; };
		9710A4E4183F39900014E275 /* Foundation.framework in Frameworks */ = {isa = PBXBuildFile; fileRef = 9710A4C3183F39900014E275 /* Foundation.framework */; };
		9710A4E5183F39900014E275 /* UIKit.framework in Frameworks */ = {isa = PBXBuildFile; fileRef = 9710A4C7183F39900014E275 /* UIKit.framework */; };
		9710A4ED183F39900014E275 /* InfoPlist.strings in Resources */ = {isa = PBXBuildFile; fileRef = 9710A4EB183F39900014E275 /* InfoPlist.strings */; };
		9710A4EF183F39900014E275 /* TablePageTests.m in Sources */ = {isa = PBXBuildFile; fileRef = 9710A4EE183F39900014E275 /* TablePageTests.m */; };
		9710A4FA183F3ECF0014E275 /* TablePage.xcdatamodeld in Sources */ = {isa = PBXBuildFile; fileRef = 9710A4F8183F3ECF0014E275 /* TablePage.xcdatamodeld */; };
		9710A4FD183F41100014E275 /* Item.m in Sources */ = {isa = PBXBuildFile; fileRef = 9710A4FC183F41100014E275 /* Item.m */; };
		9710A4FF183F417D0014E275 /* CoreData.framework in Frameworks */ = {isa = PBXBuildFile; fileRef = 9710A4FE183F417D0014E275 /* CoreData.framework */; };
		9710A502183F46DE0014E275 /* TPViewController.m in Sources */ = {isa = PBXBuildFile; fileRef = 9710A501183F46DE0014E275 /* TPViewController.m */; };
/* End PBXBuildFile section */

/* Begin PBXContainerItemProxy section */
		9710A4E6183F39900014E275 /* PBXContainerItemProxy */ = {
			isa = PBXContainerItemProxy;
			containerPortal = 9710A4B8183F39900014E275 /* Project object */;
			proxyType = 1;
			remoteGlobalIDString = 9710A4BF183F39900014E275;
			remoteInfo = TablePage;
		};
/* End PBXContainerItemProxy section */

/* Begin PBXFileReference section */
		9710A4C0183F39900014E275 /* TablePage.app */ = {isa = PBXFileReference; explicitFileType = wrapper.application; includeInIndex = 0; path = TablePage.app; sourceTree = BUILT_PRODUCTS_DIR; };
		9710A4C3183F39900014E275 /* Foundation.framework */ = {isa = PBXFileReference; lastKnownFileType = wrapper.framework; name = Foundation.framework; path = System/Library/Frameworks/Foundation.framework; sourceTree = SDKROOT; };
		9710A4C5183F39900014E275 /* CoreGraphics.framework */ = {isa = PBXFileReference; lastKnownFileType = wrapper.framework; name = CoreGraphics.framework; path = System/Library/Frameworks/CoreGraphics.framework; sourceTree = SDKROOT; };
		9710A4C7183F39900014E275 /* UIKit.framework */ = {isa = PBXFileReference; lastKnownFileType = wrapper.framework; name = UIKit.framework; path = System/Library/Frameworks/UIKit.framework; sourceTree = SDKROOT; };
		9710A4CB183F39900014E275 /* TablePage-Info.plist */ = {isa = PBXFileReference; lastKnownFileType = text.plist.xml; path = "TablePage-Info.plist"; sourceTree = "<group>"; };
		9710A4CD183F39900014E275 /* en */ = {isa = PBXFileReference; lastKnownFileType = text.plist.strings; name = en; path = en.lproj/InfoPlist.strings; sourceTree = "<group>"; };
		9710A4CF183F39900014E275 /* main.m */ = {isa = PBXFileReference; lastKnownFileType = sourcecode.c.objc; path = main.m; sourceTree = "<group>"; };
		9710A4D1183F39900014E275 /* TablePage-Prefix.pch */ = {isa = PBXFileReference; lastKnownFileType = sourcecode.c.h; path = "TablePage-Prefix.pch"; sourceTree = "<group>"; };
		9710A4D2183F39900014E275 /* TPAppDelegate.h */ = {isa = PBXFileReference; lastKnownFileType = sourcecode.c.h; path = TPAppDelegate.h; sourceTree = "<group>"; };
		9710A4D3183F39900014E275 /* TPAppDelegate.m */ = {isa = PBXFileReference; lastKnownFileType = sourcecode.c.objc; path = TPAppDelegate.m; sourceTree = "<group>"; };
		9710A4D6183F39900014E275 /* Base */ = {isa = PBXFileReference; lastKnownFileType = file.storyboard; name = Base; path = Base.lproj/Main.storyboard; sourceTree = "<group>"; };
		9710A4DB183F39900014E275 /* Images.xcassets */ = {isa = PBXFileReference; lastKnownFileType = folder.assetcatalog; path = Images.xcassets; sourceTree = "<group>"; };
		9710A4E1183F39900014E275 /* TablePageTests.xctest */ = {isa = PBXFileReference; explicitFileType = wrapper.cfbundle; includeInIndex = 0; path = TablePageTests.xctest; sourceTree = BUILT_PRODUCTS_DIR; };
		9710A4E2183F39900014E275 /* XCTest.framework */ = {isa = PBXFileReference; lastKnownFileType = wrapper.framework; name = XCTest.framework; path = Library/Frameworks/XCTest.framework; sourceTree = DEVELOPER_DIR; };
		9710A4EA183F39900014E275 /* TablePageTests-Info.plist */ = {isa = PBXFileReference; lastKnownFileType = text.plist.xml; path = "TablePageTests-Info.plist"; sourceTree = "<group>"; };
		9710A4EC183F39900014E275 /* en */ = {isa = PBXFileReference; lastKnownFileType = text.plist.strings; name = en; path = en.lproj/InfoPlist.strings; sourceTree = "<group>"; };
		9710A4EE183F39900014E275 /* TablePageTests.m */ = {isa = PBXFileReference; lastKnownFileType = sourcecode.c.objc; path = TablePageTests.m; sourceTree = "<group>"; };
		9710A4F9183F3ECF0014E275 /* TablePage.xcdatamodel */ = {isa = PBXFileReference; lastKnownFileType = wrapper.xcdatamodel; path = TablePage.xcdatamodel; sourceTree = "<group>"; };
		9710A4FB183F41100014E275 /* Item.h */ = {isa = PBXFileReference; fileEncoding = 4; lastKnownFileType = sourcecode.c.h; path = Item.h; sourceTree = "<group>"; };
		9710A4FC183F41100014E275 /* Item.m */ = {isa = PBXFileReference; fileEncoding = 4; lastKnownFileType = sourcecode.c.objc; path = Item.m; sourceTree = "<group>"; };
		9710A4FE183F417D0014E275 /* CoreData.framework */ = {isa = PBXFileReference; lastKnownFileType = wrapper.framework; name = CoreData.framework; path = System/Library/Frameworks/CoreData.framework; sourceTree = SDKROOT; };
		9710A500183F46DE0014E275 /* TPViewController.h */ = {isa = PBXFileReference; fileEncoding = 4; lastKnownFileType = sourcecode.c.h; path = TPViewController.h; sourceTree = "<group>"; };
		9710A501183F46DE0014E275 /* TPViewController.m */ = {isa = PBXFileReference; fileEncoding = 4; lastKnownFileType = sourcecode.c.objc; path = TPViewController.m; sourceTree = "<group>"; };
/* End PBXFileReference section */

/* Begin PBXFrameworksBuildPhase section */
		9710A4BD183F39900014E275 /* Frameworks */ = {
			isa = PBXFrameworksBuildPhase;
			buildActionMask = 2147483647;
			files = (
				9710A4FF183F417D0014E275 /* CoreData.framework in Frameworks */,
				9710A4C6183F39900014E275 /* CoreGraphics.framework in Frameworks */,
				9710A4C8183F39900014E275 /* UIKit.framework in Frameworks */,
				9710A4C4183F39900014E275 /* Foundation.framework in Frameworks */,
			);
			runOnlyForDeploymentPostprocessing = 0;
		};
		9710A4DE183F39900014E275 /* Frameworks */ = {
			isa = PBXFrameworksBuildPhase;
			buildActionMask = 2147483647;
			files = (
				9710A4E3183F39900014E275 /* XCTest.framework in Frameworks */,
				9710A4E5183F39900014E275 /* UIKit.framework in Frameworks */,
				9710A4E4183F39900014E275 /* Foundation.framework in Frameworks */,
			);
			runOnlyForDeploymentPostprocessing = 0;
		};
/* End PBXFrameworksBuildPhase section */

/* Begin PBXGroup section */
		9710A4B7183F39900014E275 = {
			isa = PBXGroup;
			children = (
				9710A4C9183F39900014E275 /* TablePage */,
				9710A4E8183F39900014E275 /* TablePageTests */,
				9710A4C2183F39900014E275 /* Frameworks */,
				9710A4C1183F39900014E275 /* Products */,
			);
			sourceTree = "<group>";
		};
		9710A4C1183F39900014E275 /* Products */ = {
			isa = PBXGroup;
			children = (
				9710A4C0183F39900014E275 /* TablePage.app */,
				9710A4E1183F39900014E275 /* TablePageTests.xctest */,
			);
			name = Products;
			sourceTree = "<group>";
		};
		9710A4C2183F39900014E275 /* Frameworks */ = {
			isa = PBXGroup;
			children = (
				9710A4FE183F417D0014E275 /* CoreData.framework */,
				9710A4C3183F39900014E275 /* Foundation.framework */,
				9710A4C5183F39900014E275 /* CoreGraphics.framework */,
				9710A4C7183F39900014E275 /* UIKit.framework */,
				9710A4E2183F39900014E275 /* XCTest.framework */,
			);
			name = Frameworks;
			sourceTree = "<group>";
		};
		9710A4C9183F39900014E275 /* TablePage */ = {
			isa = PBXGroup;
			children = (
				9710A4D2183F39900014E275 /* TPAppDelegate.h */,
				9710A4D3183F39900014E275 /* TPAppDelegate.m */,
				9710A4D5183F39900014E275 /* Main.storyboard */,
				9710A4DB183F39900014E275 /* Images.xcassets */,
				9710A4CA183F39900014E275 /* Supporting Files */,
				9710A500183F46DE0014E275 /* TPViewController.h */,
				9710A501183F46DE0014E275 /* TPViewController.m */,
			);
			path = TablePage;
			sourceTree = "<group>";
		};
		9710A4CA183F39900014E275 /* Supporting Files */ = {
			isa = PBXGroup;
			children = (
				9710A4CB183F39900014E275 /* TablePage-Info.plist */,
				9710A4CC183F39900014E275 /* InfoPlist.strings */,
				9710A4CF183F39900014E275 /* main.m */,
				9710A4D1183F39900014E275 /* TablePage-Prefix.pch */,
				9710A4F8183F3ECF0014E275 /* TablePage.xcdatamodeld */,
				9710A4FB183F41100014E275 /* Item.h */,
				9710A4FC183F41100014E275 /* Item.m */,
			);
			name = "Supporting Files";
			sourceTree = "<group>";
		};
		9710A4E8183F39900014E275 /* TablePageTests */ = {
			isa = PBXGroup;
			children = (
				9710A4EE183F39900014E275 /* TablePageTests.m */,
				9710A4E9183F39900014E275 /* Supporting Files */,
			);
			path = TablePageTests;
			sourceTree = "<group>";
		};
		9710A4E9183F39900014E275 /* Supporting Files */ = {
			isa = PBXGroup;
			children = (
				9710A4EA183F39900014E275 /* TablePageTests-Info.plist */,
				9710A4EB183F39900014E275 /* InfoPlist.strings */,
			);
			name = "Supporting Files";
			sourceTree = "<group>";
		};
/* End PBXGroup section */

/* Begin PBXNativeTarget section */
		9710A4BF183F39900014E275 /* TablePage */ = {
			isa = PBXNativeTarget;
			buildConfigurationList = 9710A4F2183F39900014E275 /* Build configuration list for PBXNativeTarget "TablePage" */;
			buildPhases = (
				9710A4BC183F39900014E275 /* Sources */,
				9710A4BD183F39900014E275 /* Frameworks */,
				9710A4BE183F39900014E275 /* Resources */,
			);
			buildRules = (
			);
			dependencies = (
			);
			name = TablePage;
			productName = TablePage;
			productReference = 9710A4C0183F39900014E275 /* TablePage.app */;
			productType = "com.apple.product-type.application";
		};
		9710A4E0183F39900014E275 /* TablePageTests */ = {
			isa = PBXNativeTarget;
			buildConfigurationList = 9710A4F5183F39900014E275 /* Build configuration list for PBXNativeTarget "TablePageTests" */;
			buildPhases = (
				9710A4DD183F39900014E275 /* Sources */,
				9710A4DE183F39900014E275 /* Frameworks */,
				9710A4DF183F39900014E275 /* Resources */,
			);
			buildRules = (
			);
			dependencies = (
				9710A4E7183F39900014E275 /* PBXTargetDependency */,
			);
			name = TablePageTests;
			productName = TablePageTests;
			productReference = 9710A4E1183F39900014E275 /* TablePageTests.xctest */;
			productType = "com.apple.product-type.bundle.unit-test";
		};
/* End PBXNativeTarget section */

/* Begin PBXProject section */
		9710A4B8183F39900014E275 /* Project object */ = {
			isa = PBXProject;
			attributes = {
				CLASSPREFIX = TP;
				LastUpgradeCheck = 0500;
				ORGANIZATIONNAME = guoruizhou;
				TargetAttributes = {
					9710A4E0183F39900014E275 = {
						TestTargetID = 9710A4BF183F39900014E275;
					};
				};
			};
			buildConfigurationList = 9710A4BB183F39900014E275 /* Build configuration list for PBXProject "TablePage" */;
			compatibilityVersion = "Xcode 3.2";
			developmentRegion = English;
			hasScannedForEncodings = 0;
			knownRegions = (
				en,
				Base,
			);
			mainGroup = 9710A4B7183F39900014E275;
			productRefGroup = 9710A4C1183F39900014E275 /* Products */;
			projectDirPath = "";
			projectRoot = "";
			targets = (
				9710A4BF183F39900014E275 /* TablePage */,
				9710A4E0183F39900014E275 /* TablePageTests */,
			);
		};
/* End PBXProject section */

/* Begin PBXResourcesBuildPhase section */
		9710A4BE183F39900014E275 /* Resources */ = {
			isa = PBXResourcesBuildPhase;
			buildActionMask = 2147483647;
			files = (
				9710A4DC183F39900014E275 /* Images.xcassets in Resources */,
				9710A4CE183F39900014E275 /* InfoPlist.strings in Resources */,
				9710A4D7183F39900014E275 /* Main.storyboard in Resources */,
			);
			runOnlyForDeploymentPostprocessing = 0;
		};
		9710A4DF183F39900014E275 /* Resources */ = {
			isa = PBXResourcesBuildPhase;
			buildActionMask = 2147483647;
			files = (
				9710A4ED183F39900014E275 /* InfoPlist.strings in Resources */,
			);
			runOnlyForDeploymentPostprocessing = 0;
		};
/* End PBXResourcesBuildPhase section */

/* Begin PBXSourcesBuildPhase section */
		9710A4BC183F39900014E275 /* Sources */ = {
			isa = PBXSourcesBuildPhase;
			buildActionMask = 2147483647;
			files = (
				9710A4FD183F41100014E275 /* Item.m in Sources */,
				9710A502183F46DE0014E275 /* TPViewController.m in Sources */,
				9710A4D4183F39900014E275 /* TPAppDelegate.m in Sources */,
				9710A4D0183F39900014E275 /* main.m in Sources */,
				9710A4FA183F3ECF0014E275 /* TablePage.xcdatamodeld in Sources */,
			);
			runOnlyForDeploymentPostprocessing = 0;
		};
		9710A4DD183F39900014E275 /* Sources */ = {
			isa = PBXSourcesBuildPhase;
			buildActionMask = 2147483647;
			files = (
				9710A4EF183F39900014E275 /* TablePageTests.m in Sources */,
			);
			runOnlyForDeploymentPostprocessing = 0;
		};
/* End PBXSourcesBuildPhase section */

/* Begin PBXTargetDependency section */
		9710A4E7183F39900014E275 /* PBXTargetDependency */ = {
			isa = PBXTargetDependency;
			target = 9710A4BF183F39900014E275 /* TablePage */;
			targetProxy = 9710A4E6183F39900014E275 /* PBXContainerItemProxy */;
		};
/* End PBXTargetDependency section */

/* Begin PBXVariantGroup section */
		9710A4CC183F39900014E275 /* InfoPlist.strings */ = {
			isa = PBXVariantGroup;
			children = (
				9710A4CD183F39900014E275 /* en */,
			);
			name = InfoPlist.strings;
			sourceTree = "<group>";
		};
		9710A4D5183F39900014E275 /* Main.storyboard */ = {
			isa = PBXVariantGroup;
			children = (
				9710A4D6183F39900014E275 /* Base */,
			);
			name = Main.storyboard;
			sourceTree = "<group>";
		};
		9710A4EB183F39900014E275 /* InfoPlist.strings */ = {
			isa = PBXVariantGroup;
			children = (
				9710A4EC183F39900014E275 /* en */,
			);
			name = InfoPlist.strings;
			sourceTree = "<group>";
		};
/* End PBXVariantGroup section */

/* Begin XCBuildConfiguration section */
		9710A4F0183F39900014E275 /* Debug */ = {
			isa = XCBuildConfiguration;
			buildSettings = {
				ALWAYS_SEARCH_USER_PATHS = NO;
				ARCHS = "$(ARCHS_STANDARD_INCLUDING_64_BIT)";
				CLANG_CXX_LANGUAGE_STANDARD = "gnu++0x";
				CLANG_CXX_LIBRARY = "libc++";
				CLANG_ENABLE_MODULES = YES;
				CLANG_ENABLE_OBJC_ARC = YES;
				CLANG_WARN_BOOL_CONVERSION = YES;
				CLANG_WARN_CONSTANT_CONVERSION = YES;
				CLANG_WARN_DIRECT_OBJC_ISA_USAGE = YES_ERROR;
				CLANG_WARN_EMPTY_BODY = YES;
				CLANG_WARN_ENUM_CONVERSION = YES;
				CLANG_WARN_INT_CONVERSION = YES;
				CLANG_WARN_OBJC_ROOT_CLASS = YES_ERROR;
				CLANG_WARN__DUPLICATE_METHOD_MATCH = YES;
				"CODE_SIGN_IDENTITY[sdk=iphoneos*]" = "iPhone Developer";
				COPY_PHASE_STRIP = NO;
				GCC_C_LANGUAGE_STANDARD = gnu99;
				GCC_DYNAMIC_NO_PIC = NO;
				GCC_OPTIMIZATION_LEVEL = 0;
				GCC_PREPROCESSOR_DEFINITIONS = (
					"DEBUG=1",
					"$(inherited)",
				);
				GCC_SYMBOLS_PRIVATE_EXTERN = NO;
				GCC_WARN_64_TO_32_BIT_CONVERSION = YES;
				GCC_WARN_ABOUT_RETURN_TYPE = YES_ERROR;
				GCC_WARN_UNDECLARED_SELECTOR = YES;
				GCC_WARN_UNINITIALIZED_AUTOS = YES;
				GCC_WARN_UNUSED_FUNCTION = YES;
				GCC_WARN_UNUSED_VARIABLE = YES;
				IPHONEOS_DEPLOYMENT_TARGET = 7.0;
				ONLY_ACTIVE_ARCH = YES;
				SDKROOT = iphoneos;
			};
			name = Debug;
		};
		9710A4F1183F39900014E275 /* Release */ = {
			isa = XCBuildConfiguration;
			buildSettings = {
				ALWAYS_SEARCH_USER_PATHS = NO;
				ARCHS = "$(ARCHS_STANDARD_INCLUDING_64_BIT)";
				CLANG_CXX_LANGUAGE_STANDARD = "gnu++0x";
				CLANG_CXX_LIBRARY = "libc++";
				CLANG_ENABLE_MODULES = YES;
				CLANG_ENABLE_OBJC_ARC = YES;
				CLANG_WARN_BOOL_CONVERSION = YES;
				CLANG_WARN_CONSTANT_CONVERSION = YES;
				CLANG_WARN_DIRECT_OBJC_ISA_USAGE = YES_ERROR;
				CLANG_WARN_EMPTY_BODY = YES;
				CLANG_WARN_ENUM_CONVERSION = YES;
				CLANG_WARN_INT_CONVERSION = YES;
				CLANG_WARN_OBJC_ROOT_CLASS = YES_ERROR;
				CLANG_WARN__DUPLICATE_METHOD_MATCH = YES;
				"CODE_SIGN_IDENTITY[sdk=iphoneos*]" = "iPhone Developer";
				COPY_PHASE_STRIP = YES;
				ENABLE_NS_ASSERTIONS = NO;
				GCC_C_LANGUAGE_STANDARD = gnu99;
				GCC_WARN_64_TO_32_BIT_CONVERSION = YES;
				GCC_WARN_ABOUT_RETURN_TYPE = YES_ERROR;
				GCC_WARN_UNDECLARED_SELECTOR = YES;
				GCC_WARN_UNINITIALIZED_AUTOS = YES;
				GCC_WARN_UNUSED_FUNCTION = YES;
				GCC_WARN_UNUSED_VARIABLE = YES;
				IPHONEOS_DEPLOYMENT_TARGET = 7.0;
				SDKROOT = iphoneos;
				VALIDATE_PRODUCT = YES;
			};
			name = Release;
		};
		9710A4F3183F39900014E275 /* Debug */ = {
			isa = XCBuildConfiguration;
			buildSettings = {
				ASSETCATALOG_COMPILER_APPICON_NAME = AppIcon;
				ASSETCATALOG_COMPILER_LAUNCHIMAGE_NAME = LaunchImage;
				GCC_PRECOMPILE_PREFIX_HEADER = YES;
				GCC_PREFIX_HEADER = "TablePage/TablePage-Prefix.pch";
				INFOPLIST_FILE = "TablePage/TablePage-Info.plist";
				IPHONEOS_DEPLOYMENT_TARGET = 6.1;
				PRODUCT_NAME = "$(TARGET_NAME)";
				WRAPPER_EXTENSION = app;
			};
			name = Debug;
		};
		9710A4F4183F39900014E275 /* Release */ = {
			isa = XCBuildConfiguration;
			buildSettings = {
				ASSETCATALOG_COMPILER_APPICON_NAME = AppIcon;
				ASSETCATALOG_COMPILER_LAUNCHIMAGE_NAME = LaunchImage;
				GCC_PRECOMPILE_PREFIX_HEADER = YES;
				GCC_PREFIX_HEADER = "TablePage/TablePage-Prefix.pch";
				INFOPLIST_FILE = "TablePage/TablePage-Info.plist";
				IPHONEOS_DEPLOYMENT_TARGET = 6.1;
				PRODUCT_NAME = "$(TARGET_NAME)";
				WRAPPER_EXTENSION = app;
			};
			name = Release;
		};
		9710A4F6183F39900014E275 /* Debug */ = {
			isa = XCBuildConfiguration;
			buildSettings = {
				ARCHS = "$(ARCHS_STANDARD_INCLUDING_64_BIT)";
				BUNDLE_LOADER = "$(BUILT_PRODUCTS_DIR)/TablePage.app/TablePage";
				FRAMEWORK_SEARCH_PATHS = (
					"$(SDKROOT)/Developer/Library/Frameworks",
					"$(inherited)",
					"$(DEVELOPER_FRAMEWORKS_DIR)",
				);
				GCC_PRECOMPILE_PREFIX_HEADER = YES;
				GCC_PREFIX_HEADER = "TablePage/TablePage-Prefix.pch";
				GCC_PREPROCESSOR_DEFINITIONS = (
					"DEBUG=1",
					"$(inherited)",
				);
				INFOPLIST_FILE = "TablePageTests/TablePageTests-Info.plist";
				PRODUCT_NAME = "$(TARGET_NAME)";
				TEST_HOST = "$(BUNDLE_LOADER)";
				WRAPPER_EXTENSION = xctest;
			};
			name = Debug;
		};
		9710A4F7183F39900014E275 /* Release */ = {
			isa = XCBuildConfiguration;
			buildSettings = {
				ARCHS = "$(ARCHS_STANDARD_INCLUDING_64_BIT)";
				BUNDLE_LOADER = "$(BUILT_PRODUCTS_DIR)/TablePage.app/TablePage";
				FRAMEWORK_SEARCH_PATHS = (
					"$(SDKROOT)/Developer/Library/Frameworks",
					"$(inherited)",
					"$(DEVELOPER_FRAMEWORKS_DIR)",
				);
				GCC_PRECOMPILE_PREFIX_HEADER = YES;
				GCC_PREFIX_HEADER = "TablePage/TablePage-Prefix.pch";
				INFOPLIST_FILE = "TablePageTests/TablePageTests-Info.plist";
				PRODUCT_NAME = "$(TARGET_NAME)";
				TEST_HOST = "$(BUNDLE_LOADER)";
				WRAPPER_EXTENSION = xctest;
			};
			name = Release;
		};
/* End XCBuildConfiguration section */

/* Begin XCConfigurationList section */
		9710A4BB183F39900014E275 /* Build configuration list for PBXProject "TablePage" */ = {
			isa = XCConfigurationList;
			buildConfigurations = (
				9710A4F0183F39900014E275 /* Debug */,
				9710A4F1183F39900014E275 /* Release */,
			);
			defaultConfigurationIsVisible = 0;
			defaultConfigurationName = Release;
		};
		9710A4F2183F39900014E275 /* Build configuration list for PBXNativeTarget "TablePage" */ = {
			isa = XCConfigurationList;
			buildConfigurations = (
				9710A4F3183F39900014E275 /* Debug */,
				9710A4F4183F39900014E275 /* Release */,
			);
			defaultConfigurationIsVisible = 0;
		};
		9710A4F5183F39900014E275 /* Build configuration list for PBXNativeTarget "TablePageTests" */ = {
			isa = XCConfigurationList;
			buildConfigurations = (
				9710A4F6183F39900014E275 /* Debug */,
				9710A4F7183F39900014E275 /* Release */,
			);
			defaultConfigurationIsVisible = 0;
		};
/* End XCConfigurationList section */

/* Begin XCVersionGroup section */
		9710A4F8183F3ECF0014E275 /* TablePage.xcdatamodeld */ = {
			isa = XCVersionGroup;
			children = (
				9710A4F9183F3ECF0014E275 /* TablePage.xcdatamodel */,
			);
			currentVersion = 9710A4F9183F3ECF0014E275 /* TablePage.xcdatamodel */;
			path = TablePage.xcdatamodeld;
			sourceTree = "<group>";
			versionGroupType = wrapper.xcdatamodel;
		};
/* End XCVersionGroup section */
	};
	rootObject = 9710A4B8183F39900014E275 /* Project object */;
}
