// !$*UTF8*$!
{
	archiveVersion = 1;
	classes = {
	};
	objectVersion = 46;
	objects = {

/* Begin PBXBuildFile section */
		97EF769E180D3950003B75C3 /* Foundation.framework in Frameworks */ = {isa = PBXBuildFile; fileRef = 97EF769D180D3950003B75C3 /* Foundation.framework */; };
		97EF76A0180D3950003B75C3 /* CoreGraphics.framework in Frameworks */ = {isa = PBXBuildFile; fileRef = 97EF769F180D3950003B75C3 /* CoreGraphics.framework */; };
		97EF76A2180D3950003B75C3 /* UIKit.framework in Frameworks */ = {isa = PBXBuildFile; fileRef = 97EF76A1180D3950003B75C3 /* UIKit.framework */; };
		97EF76A8180D3950003B75C3 /* InfoPlist.strings in Resources */ = {isa = PBXBuildFile; fileRef = 97EF76A6180D3950003B75C3 /* InfoPlist.strings */; };
		97EF76AA180D3950003B75C3 /* main.m in Sources */ = {isa = PBXBuildFile; fileRef = 97EF76A9180D3950003B75C3 /* main.m */; };
		97EF76AE180D3950003B75C3 /* TABTAppDelegate.m in Sources */ = {isa = PBXBuildFile; fileRef = 97EF76AD180D3950003B75C3 /* TABTAppDelegate.m */; };
		97EF76B0180D3950003B75C3 /* Images.xcassets in Resources */ = {isa = PBXBuildFile; fileRef = 97EF76AF180D3950003B75C3 /* Images.xcassets */; };
		97EF76B7180D3950003B75C3 /* XCTest.framework in Frameworks */ = {isa = PBXBuildFile; fileRef = 97EF76B6180D3950003B75C3 /* XCTest.framework */; };
		97EF76B8180D3950003B75C3 /* Foundation.framework in Frameworks */ = {isa = PBXBuildFile; fileRef = 97EF769D180D3950003B75C3 /* Foundation.framework */; };
		97EF76B9180D3950003B75C3 /* UIKit.framework in Frameworks */ = {isa = PBXBuildFile; fileRef = 97EF76A1180D3950003B75C3 /* UIKit.framework */; };
		97EF76C1180D3950003B75C3 /* InfoPlist.strings in Resources */ = {isa = PBXBuildFile; fileRef = 97EF76BF180D3950003B75C3 /* InfoPlist.strings */; };
		97EF76C3180D3950003B75C3 /* TabbarThingsTests.m in Sources */ = {isa = PBXBuildFile; fileRef = 97EF76C2180D3950003B75C3 /* TabbarThingsTests.m */; };
		97EF76CE180D3972003B75C3 /* TABTViewController.m in Sources */ = {isa = PBXBuildFile; fileRef = 97EF76CD180D3972003B75C3 /* TABTViewController.m */; };
		97EF76FF180E3006003B75C3 /* tabachievement-h.png in Resources */ = {isa = PBXBuildFile; fileRef = 97EF76FD180E3006003B75C3 /* tabachievement-h.png */; };
		97EF7700180E3006003B75C3 /* tabachievement-h@2x.png in Resources */ = {isa = PBXBuildFile; fileRef = 97EF76FE180E3006003B75C3 /* tabachievement-h@2x.png */; };
		97EF7704180E440B003B75C3 /* TABTNaviRootViewController.m in Sources */ = {isa = PBXBuildFile; fileRef = 97EF7702180E440B003B75C3 /* TABTNaviRootViewController.m */; };
		97EF7705180E440B003B75C3 /* TABTNaviRootViewController.xib in Resources */ = {isa = PBXBuildFile; fileRef = 97EF7703180E440B003B75C3 /* TABTNaviRootViewController.xib */; };
		97EF7709180E4726003B75C3 /* TABTAppRootViewController.m in Sources */ = {isa = PBXBuildFile; fileRef = 97EF7707180E4726003B75C3 /* TABTAppRootViewController.m */; };
		97EF770A180E4726003B75C3 /* TABTAppRootViewController.xib in Resources */ = {isa = PBXBuildFile; fileRef = 97EF7708180E4726003B75C3 /* TABTAppRootViewController.xib */; };
/* End PBXBuildFile section */

/* Begin PBXContainerItemProxy section */
		97EF76BA180D3950003B75C3 /* PBXContainerItemProxy */ = {
			isa = PBXContainerItemProxy;
			containerPortal = 97EF7692180D3950003B75C3 /* Project object */;
			proxyType = 1;
			remoteGlobalIDString = 97EF7699180D3950003B75C3;
			remoteInfo = TabbarThings;
		};
/* End PBXContainerItemProxy section */

/* Begin PBXFileReference section */
		97EF769A180D3950003B75C3 /* TabbarThings.app */ = {isa = PBXFileReference; explicitFileType = wrapper.application; includeInIndex = 0; path = TabbarThings.app; sourceTree = BUILT_PRODUCTS_DIR; };
		97EF769D180D3950003B75C3 /* Foundation.framework */ = {isa = PBXFileReference; lastKnownFileType = wrapper.framework; name = Foundation.framework; path = System/Library/Frameworks/Foundation.framework; sourceTree = SDKROOT; };
		97EF769F180D3950003B75C3 /* CoreGraphics.framework */ = {isa = PBXFileReference; lastKnownFileType = wrapper.framework; name = CoreGraphics.framework; path = System/Library/Frameworks/CoreGraphics.framework; sourceTree = SDKROOT; };
		97EF76A1180D3950003B75C3 /* UIKit.framework */ = {isa = PBXFileReference; lastKnownFileType = wrapper.framework; name = UIKit.framework; path = System/Library/Frameworks/UIKit.framework; sourceTree = SDKROOT; };
		97EF76A5180D3950003B75C3 /* TabbarThings-Info.plist */ = {isa = PBXFileReference; lastKnownFileType = text.plist.xml; path = "TabbarThings-Info.plist"; sourceTree = "<group>"; };
		97EF76A7180D3950003B75C3 /* en */ = {isa = PBXFileReference; lastKnownFileType = text.plist.strings; name = en; path = en.lproj/InfoPlist.strings; sourceTree = "<group>"; };
		97EF76A9180D3950003B75C3 /* main.m */ = {isa = PBXFileReference; lastKnownFileType = sourcecode.c.objc; path = main.m; sourceTree = "<group>"; };
		97EF76AB180D3950003B75C3 /* TabbarThings-Prefix.pch */ = {isa = PBXFileReference; lastKnownFileType = sourcecode.c.h; path = "TabbarThings-Prefix.pch"; sourceTree = "<group>"; };
		97EF76AC180D3950003B75C3 /* TABTAppDelegate.h */ = {isa = PBXFileReference; lastKnownFileType = sourcecode.c.h; path = TABTAppDelegate.h; sourceTree = "<group>"; };
		97EF76AD180D3950003B75C3 /* TABTAppDelegate.m */ = {isa = PBXFileReference; lastKnownFileType = sourcecode.c.objc; path = TABTAppDelegate.m; sourceTree = "<group>"; };
		97EF76AF180D3950003B75C3 /* Images.xcassets */ = {isa = PBXFileReference; lastKnownFileType = folder.assetcatalog; path = Images.xcassets; sourceTree = "<group>"; };
		97EF76B5180D3950003B75C3 /* TabbarThingsTests.xctest */ = {isa = PBXFileReference; explicitFileType = wrapper.cfbundle; includeInIndex = 0; path = TabbarThingsTests.xctest; sourceTree = BUILT_PRODUCTS_DIR; };
		97EF76B6180D3950003B75C3 /* XCTest.framework */ = {isa = PBXFileReference; lastKnownFileType = wrapper.framework; name = XCTest.framework; path = Library/Frameworks/XCTest.framework; sourceTree = DEVELOPER_DIR; };
		97EF76BE180D3950003B75C3 /* TabbarThingsTests-Info.plist */ = {isa = PBXFileReference; lastKnownFileType = text.plist.xml; path = "TabbarThingsTests-Info.plist"; sourceTree = "<group>"; };
		97EF76C0180D3950003B75C3 /* en */ = {isa = PBXFileReference; lastKnownFileType = text.plist.strings; name = en; path = en.lproj/InfoPlist.strings; sourceTree = "<group>"; };
		97EF76C2180D3950003B75C3 /* TabbarThingsTests.m */ = {isa = PBXFileReference; lastKnownFileType = sourcecode.c.objc; path = TabbarThingsTests.m; sourceTree = "<group>"; };
		97EF76CC180D3972003B75C3 /* TABTViewController.h */ = {isa = PBXFileReference; fileEncoding = 4; lastKnownFileType = sourcecode.c.h; path = TABTViewController.h; sourceTree = "<group>"; };
		97EF76CD180D3972003B75C3 /* TABTViewController.m */ = {isa = PBXFileReference; fileEncoding = 4; lastKnownFileType = sourcecode.c.objc; path = TABTViewController.m; sourceTree = "<group>"; };
		97EF76FD180E3006003B75C3 /* tabachievement-h.png */ = {isa = PBXFileReference; lastKnownFileType = image.png; path = "tabachievement-h.png"; sourceTree = "<group>"; };
		97EF76FE180E3006003B75C3 /* tabachievement-h@2x.png */ = {isa = PBXFileReference; lastKnownFileType = image.png; path = "tabachievement-h@2x.png"; sourceTree = "<group>"; };
		97EF7701180E440B003B75C3 /* TABTNaviRootViewController.h */ = {isa = PBXFileReference; fileEncoding = 4; lastKnownFileType = sourcecode.c.h; path = TABTNaviRootViewController.h; sourceTree = "<group>"; };
		97EF7702180E440B003B75C3 /* TABTNaviRootViewController.m */ = {isa = PBXFileReference; fileEncoding = 4; lastKnownFileType = sourcecode.c.objc; path = TABTNaviRootViewController.m; sourceTree = "<group>"; };
		97EF7703180E440B003B75C3 /* TABTNaviRootViewController.xib */ = {isa = PBXFileReference; fileEncoding = 4; lastKnownFileType = file.xib; path = TABTNaviRootViewController.xib; sourceTree = "<group>"; };
		97EF7706180E4726003B75C3 /* TABTAppRootViewController.h */ = {isa = PBXFileReference; fileEncoding = 4; lastKnownFileType = sourcecode.c.h; path = TABTAppRootViewController.h; sourceTree = "<group>"; };
		97EF7707180E4726003B75C3 /* TABTAppRootViewController.m */ = {isa = PBXFileReference; fileEncoding = 4; lastKnownFileType = sourcecode.c.objc; path = TABTAppRootViewController.m; sourceTree = "<group>"; };
		97EF7708180E4726003B75C3 /* TABTAppRootViewController.xib */ = {isa = PBXFileReference; fileEncoding = 4; lastKnownFileType = file.xib; path = TABTAppRootViewController.xib; sourceTree = "<group>"; };
/* End PBXFileReference section */

/* Begin PBXFrameworksBuildPhase section */
		97EF7697180D3950003B75C3 /* Frameworks */ = {
			isa = PBXFrameworksBuildPhase;
			buildActionMask = 2147483647;
			files = (
				97EF76A0180D3950003B75C3 /* CoreGraphics.framework in Frameworks */,
				97EF76A2180D3950003B75C3 /* UIKit.framework in Frameworks */,
				97EF769E180D3950003B75C3 /* Foundation.framework in Frameworks */,
			);
			runOnlyForDeploymentPostprocessing = 0;
		};
		97EF76B2180D3950003B75C3 /* Frameworks */ = {
			isa = PBXFrameworksBuildPhase;
			buildActionMask = 2147483647;
			files = (
				97EF76B7180D3950003B75C3 /* XCTest.framework in Frameworks */,
				97EF76B9180D3950003B75C3 /* UIKit.framework in Frameworks */,
				97EF76B8180D3950003B75C3 /* Foundation.framework in Frameworks */,
			);
			runOnlyForDeploymentPostprocessing = 0;
		};
/* End PBXFrameworksBuildPhase section */

/* Begin PBXGroup section */
		97EF7691180D3950003B75C3 = {
			isa = PBXGroup;
			children = (
				97EF76A3180D3950003B75C3 /* TabbarThings */,
				97EF76BC180D3950003B75C3 /* TabbarThingsTests */,
				97EF769C180D3950003B75C3 /* Frameworks */,
				97EF769B180D3950003B75C3 /* Products */,
			);
			sourceTree = "<group>";
		};
		97EF769B180D3950003B75C3 /* Products */ = {
			isa = PBXGroup;
			children = (
				97EF769A180D3950003B75C3 /* TabbarThings.app */,
				97EF76B5180D3950003B75C3 /* TabbarThingsTests.xctest */,
			);
			name = Products;
			sourceTree = "<group>";
		};
		97EF769C180D3950003B75C3 /* Frameworks */ = {
			isa = PBXGroup;
			children = (
				97EF769D180D3950003B75C3 /* Foundation.framework */,
				97EF769F180D3950003B75C3 /* CoreGraphics.framework */,
				97EF76A1180D3950003B75C3 /* UIKit.framework */,
				97EF76B6180D3950003B75C3 /* XCTest.framework */,
			);
			name = Frameworks;
			sourceTree = "<group>";
		};
		97EF76A3180D3950003B75C3 /* TabbarThings */ = {
			isa = PBXGroup;
			children = (
				97EF76AC180D3950003B75C3 /* TABTAppDelegate.h */,
				97EF76AD180D3950003B75C3 /* TABTAppDelegate.m */,
				97EF76AF180D3950003B75C3 /* Images.xcassets */,
				97EF76A4180D3950003B75C3 /* Supporting Files */,
				97EF76CC180D3972003B75C3 /* TABTViewController.h */,
				97EF76CD180D3972003B75C3 /* TABTViewController.m */,
				97EF7701180E440B003B75C3 /* TABTNaviRootViewController.h */,
				97EF7702180E440B003B75C3 /* TABTNaviRootViewController.m */,
				97EF7703180E440B003B75C3 /* TABTNaviRootViewController.xib */,
				97EF7706180E4726003B75C3 /* TABTAppRootViewController.h */,
				97EF7707180E4726003B75C3 /* TABTAppRootViewController.m */,
				97EF7708180E4726003B75C3 /* TABTAppRootViewController.xib */,
			);
			path = TabbarThings;
			sourceTree = "<group>";
		};
		97EF76A4180D3950003B75C3 /* Supporting Files */ = {
			isa = PBXGroup;
			children = (
				97EF76FD180E3006003B75C3 /* tabachievement-h.png */,
				97EF76FE180E3006003B75C3 /* tabachievement-h@2x.png */,
				97EF76A5180D3950003B75C3 /* TabbarThings-Info.plist */,
				97EF76A6180D3950003B75C3 /* InfoPlist.strings */,
				97EF76A9180D3950003B75C3 /* main.m */,
				97EF76AB180D3950003B75C3 /* TabbarThings-Prefix.pch */,
			);
			name = "Supporting Files";
			sourceTree = "<group>";
		};
		97EF76BC180D3950003B75C3 /* TabbarThingsTests */ = {
			isa = PBXGroup;
			children = (
				97EF76C2180D3950003B75C3 /* TabbarThingsTests.m */,
				97EF76BD180D3950003B75C3 /* Supporting Files */,
			);
			path = TabbarThingsTests;
			sourceTree = "<group>";
		};
		97EF76BD180D3950003B75C3 /* Supporting Files */ = {
			isa = PBXGroup;
			children = (
				97EF76BE180D3950003B75C3 /* TabbarThingsTests-Info.plist */,
				97EF76BF180D3950003B75C3 /* InfoPlist.strings */,
			);
			name = "Supporting Files";
			sourceTree = "<group>";
		};
/* End PBXGroup section */

/* Begin PBXNativeTarget section */
		97EF7699180D3950003B75C3 /* TabbarThings */ = {
			isa = PBXNativeTarget;
			buildConfigurationList = 97EF76C6180D3950003B75C3 /* Build configuration list for PBXNativeTarget "TabbarThings" */;
			buildPhases = (
				97EF7696180D3950003B75C3 /* Sources */,
				97EF7697180D3950003B75C3 /* Frameworks */,
				97EF7698180D3950003B75C3 /* Resources */,
			);
			buildRules = (
			);
			dependencies = (
			);
			name = TabbarThings;
			productName = TabbarThings;
			productReference = 97EF769A180D3950003B75C3 /* TabbarThings.app */;
			productType = "com.apple.product-type.application";
		};
		97EF76B4180D3950003B75C3 /* TabbarThingsTests */ = {
			isa = PBXNativeTarget;
			buildConfigurationList = 97EF76C9180D3950003B75C3 /* Build configuration list for PBXNativeTarget "TabbarThingsTests" */;
			buildPhases = (
				97EF76B1180D3950003B75C3 /* Sources */,
				97EF76B2180D3950003B75C3 /* Frameworks */,
				97EF76B3180D3950003B75C3 /* Resources */,
			);
			buildRules = (
			);
			dependencies = (
				97EF76BB180D3950003B75C3 /* PBXTargetDependency */,
			);
			name = TabbarThingsTests;
			productName = TabbarThingsTests;
			productReference = 97EF76B5180D3950003B75C3 /* TabbarThingsTests.xctest */;
			productType = "com.apple.product-type.bundle.unit-test";
		};
/* End PBXNativeTarget section */

/* Begin PBXProject section */
		97EF7692180D3950003B75C3 /* Project object */ = {
			isa = PBXProject;
			attributes = {
				CLASSPREFIX = TABT;
				LastUpgradeCheck = 0500;
				ORGANIZATIONNAME = guoruizhou;
				TargetAttributes = {
					97EF76B4180D3950003B75C3 = {
						TestTargetID = 97EF7699180D3950003B75C3;
					};
				};
			};
			buildConfigurationList = 97EF7695180D3950003B75C3 /* Build configuration list for PBXProject "TabbarThings" */;
			compatibilityVersion = "Xcode 3.2";
			developmentRegion = English;
			hasScannedForEncodings = 0;
			knownRegions = (
				en,
			);
			mainGroup = 97EF7691180D3950003B75C3;
			productRefGroup = 97EF769B180D3950003B75C3 /* Products */;
			projectDirPath = "";
			projectRoot = "";
			targets = (
				97EF7699180D3950003B75C3 /* TabbarThings */,
				97EF76B4180D3950003B75C3 /* TabbarThingsTests */,
			);
		};
/* End PBXProject section */

/* Begin PBXResourcesBuildPhase section */
		97EF7698180D3950003B75C3 /* Resources */ = {
			isa = PBXResourcesBuildPhase;
			buildActionMask = 2147483647;
			files = (
				97EF7705180E440B003B75C3 /* TABTNaviRootViewController.xib in Resources */,
				97EF76A8180D3950003B75C3 /* InfoPlist.strings in Resources */,
				97EF7700180E3006003B75C3 /* tabachievement-h@2x.png in Resources */,
				97EF76B0180D3950003B75C3 /* Images.xcassets in Resources */,
				97EF76FF180E3006003B75C3 /* tabachievement-h.png in Resources */,
				97EF770A180E4726003B75C3 /* TABTAppRootViewController.xib in Resources */,
			);
			runOnlyForDeploymentPostprocessing = 0;
		};
		97EF76B3180D3950003B75C3 /* Resources */ = {
			isa = PBXResourcesBuildPhase;
			buildActionMask = 2147483647;
			files = (
				97EF76C1180D3950003B75C3 /* InfoPlist.strings in Resources */,
			);
			runOnlyForDeploymentPostprocessing = 0;
		};
/* End PBXResourcesBuildPhase section */

/* Begin PBXSourcesBuildPhase section */
		97EF7696180D3950003B75C3 /* Sources */ = {
			isa = PBXSourcesBuildPhase;
			buildActionMask = 2147483647;
			files = (
				97EF76AA180D3950003B75C3 /* main.m in Sources */,
				97EF7709180E4726003B75C3 /* TABTAppRootViewController.m in Sources */,
				97EF76CE180D3972003B75C3 /* TABTViewController.m in Sources */,
				97EF76AE180D3950003B75C3 /* TABTAppDelegate.m in Sources */,
				97EF7704180E440B003B75C3 /* TABTNaviRootViewController.m in Sources */,
			);
			runOnlyForDeploymentPostprocessing = 0;
		};
		97EF76B1180D3950003B75C3 /* Sources */ = {
			isa = PBXSourcesBuildPhase;
			buildActionMask = 2147483647;
			files = (
				97EF76C3180D3950003B75C3 /* TabbarThingsTests.m in Sources */,
			);
			runOnlyForDeploymentPostprocessing = 0;
		};
/* End PBXSourcesBuildPhase section */

/* Begin PBXTargetDependency section */
		97EF76BB180D3950003B75C3 /* PBXTargetDependency */ = {
			isa = PBXTargetDependency;
			target = 97EF7699180D3950003B75C3 /* TabbarThings */;
			targetProxy = 97EF76BA180D3950003B75C3 /* PBXContainerItemProxy */;
		};
/* End PBXTargetDependency section */

/* Begin PBXVariantGroup section */
		97EF76A6180D3950003B75C3 /* InfoPlist.strings */ = {
			isa = PBXVariantGroup;
			children = (
				97EF76A7180D3950003B75C3 /* en */,
			);
			name = InfoPlist.strings;
			sourceTree = "<group>";
		};
		97EF76BF180D3950003B75C3 /* InfoPlist.strings */ = {
			isa = PBXVariantGroup;
			children = (
				97EF76C0180D3950003B75C3 /* en */,
			);
			name = InfoPlist.strings;
			sourceTree = "<group>";
		};
/* End PBXVariantGroup section */

/* Begin XCBuildConfiguration section */
		97EF76C4180D3950003B75C3 /* Debug */ = {
			isa = XCBuildConfiguration;
			buildSettings = {
				ALWAYS_SEARCH_USER_PATHS = NO;
				ARCHS = "$(ARCHS_STANDARD_INCLUDING_64_BIT)";
				CLANG_CXX_LANGUAGE_STANDARD = "gnu++0x";
				CLANG_CXX_LIBRARY = "libc++";
				CLANG_ENABLE_MODULES = YES;
				CLANG_ENABLE_OBJC_ARC = YES;
				CLANG_WARN_BOOL_CONVERSION = YES;
				CLANG_WARN_CONSTANT_CONVERSION = YES;
				CLANG_WARN_DIRECT_OBJC_ISA_USAGE = YES_ERROR;
				CLANG_WARN_EMPTY_BODY = YES;
				CLANG_WARN_ENUM_CONVERSION = YES;
				CLANG_WARN_INT_CONVERSION = YES;
				CLANG_WARN_OBJC_ROOT_CLASS = YES_ERROR;
				CLANG_WARN__DUPLICATE_METHOD_MATCH = YES;
				"CODE_SIGN_IDENTITY[sdk=iphoneos*]" = "iPhone Developer";
				COPY_PHASE_STRIP = NO;
				GCC_C_LANGUAGE_STANDARD = gnu99;
				GCC_DYNAMIC_NO_PIC = NO;
				GCC_OPTIMIZATION_LEVEL = 0;
				GCC_PREPROCESSOR_DEFINITIONS = (
					"DEBUG=1",
					"$(inherited)",
				);
				GCC_SYMBOLS_PRIVATE_EXTERN = NO;
				GCC_WARN_64_TO_32_BIT_CONVERSION = YES;
				GCC_WARN_ABOUT_RETURN_TYPE = YES_ERROR;
				GCC_WARN_UNDECLARED_SELECTOR = YES;
				GCC_WARN_UNINITIALIZED_AUTOS = YES;
				GCC_WARN_UNUSED_FUNCTION = YES;
				GCC_WARN_UNUSED_VARIABLE = YES;
				IPHONEOS_DEPLOYMENT_TARGET = 7.0;
				ONLY_ACTIVE_ARCH = YES;
				SDKROOT = iphoneos;
			};
			name = Debug;
		};
		97EF76C5180D3950003B75C3 /* Release */ = {
			isa = XCBuildConfiguration;
			buildSettings = {
				ALWAYS_SEARCH_USER_PATHS = NO;
				ARCHS = "$(ARCHS_STANDARD_INCLUDING_64_BIT)";
				CLANG_CXX_LANGUAGE_STANDARD = "gnu++0x";
				CLANG_CXX_LIBRARY = "libc++";
				CLANG_ENABLE_MODULES = YES;
				CLANG_ENABLE_OBJC_ARC = YES;
				CLANG_WARN_BOOL_CONVERSION = YES;
				CLANG_WARN_CONSTANT_CONVERSION = YES;
				CLANG_WARN_DIRECT_OBJC_ISA_USAGE = YES_ERROR;
				CLANG_WARN_EMPTY_BODY = YES;
				CLANG_WARN_ENUM_CONVERSION = YES;
				CLANG_WARN_INT_CONVERSION = YES;
				CLANG_WARN_OBJC_ROOT_CLASS = YES_ERROR;
				CLANG_WARN__DUPLICATE_METHOD_MATCH = YES;
				"CODE_SIGN_IDENTITY[sdk=iphoneos*]" = "iPhone Developer";
				COPY_PHASE_STRIP = YES;
				ENABLE_NS_ASSERTIONS = NO;
				GCC_C_LANGUAGE_STANDARD = gnu99;
				GCC_WARN_64_TO_32_BIT_CONVERSION = YES;
				GCC_WARN_ABOUT_RETURN_TYPE = YES_ERROR;
				GCC_WARN_UNDECLARED_SELECTOR = YES;
				GCC_WARN_UNINITIALIZED_AUTOS = YES;
				GCC_WARN_UNUSED_FUNCTION = YES;
				GCC_WARN_UNUSED_VARIABLE = YES;
				IPHONEOS_DEPLOYMENT_TARGET = 7.0;
				SDKROOT = iphoneos;
				VALIDATE_PRODUCT = YES;
			};
			name = Release;
		};
		97EF76C7180D3950003B75C3 /* Debug */ = {
			isa = XCBuildConfiguration;
			buildSettings = {
				ASSETCATALOG_COMPILER_APPICON_NAME = AppIcon;
				ASSETCATALOG_COMPILER_LAUNCHIMAGE_NAME = LaunchImage;
				GCC_PRECOMPILE_PREFIX_HEADER = YES;
				GCC_PREFIX_HEADER = "TabbarThings/TabbarThings-Prefix.pch";
				INFOPLIST_FILE = "TabbarThings/TabbarThings-Info.plist";
				PRODUCT_NAME = "$(TARGET_NAME)";
				WRAPPER_EXTENSION = app;
			};
			name = Debug;
		};
		97EF76C8180D3950003B75C3 /* Release */ = {
			isa = XCBuildConfiguration;
			buildSettings = {
				ASSETCATALOG_COMPILER_APPICON_NAME = AppIcon;
				ASSETCATALOG_COMPILER_LAUNCHIMAGE_NAME = LaunchImage;
				GCC_PRECOMPILE_PREFIX_HEADER = YES;
				GCC_PREFIX_HEADER = "TabbarThings/TabbarThings-Prefix.pch";
				INFOPLIST_FILE = "TabbarThings/TabbarThings-Info.plist";
				PRODUCT_NAME = "$(TARGET_NAME)";
				WRAPPER_EXTENSION = app;
			};
			name = Release;
		};
		97EF76CA180D3950003B75C3 /* Debug */ = {
			isa = XCBuildConfiguration;
			buildSettings = {
				ARCHS = "$(ARCHS_STANDARD_INCLUDING_64_BIT)";
				BUNDLE_LOADER = "$(BUILT_PRODUCTS_DIR)/TabbarThings.app/TabbarThings";
				FRAMEWORK_SEARCH_PATHS = (
					"$(SDKROOT)/Developer/Library/Frameworks",
					"$(inherited)",
					"$(DEVELOPER_FRAMEWORKS_DIR)",
				);
				GCC_PRECOMPILE_PREFIX_HEADER = YES;
				GCC_PREFIX_HEADER = "TabbarThings/TabbarThings-Prefix.pch";
				GCC_PREPROCESSOR_DEFINITIONS = (
					"DEBUG=1",
					"$(inherited)",
				);
				INFOPLIST_FILE = "TabbarThingsTests/TabbarThingsTests-Info.plist";
				PRODUCT_NAME = "$(TARGET_NAME)";
				TEST_HOST = "$(BUNDLE_LOADER)";
				WRAPPER_EXTENSION = xctest;
			};
			name = Debug;
		};
		97EF76CB180D3950003B75C3 /* Release */ = {
			isa = XCBuildConfiguration;
			buildSettings = {
				ARCHS = "$(ARCHS_STANDARD_INCLUDING_64_BIT)";
				BUNDLE_LOADER = "$(BUILT_PRODUCTS_DIR)/TabbarThings.app/TabbarThings";
				FRAMEWORK_SEARCH_PATHS = (
					"$(SDKROOT)/Developer/Library/Frameworks",
					"$(inherited)",
					"$(DEVELOPER_FRAMEWORKS_DIR)",
				);
				GCC_PRECOMPILE_PREFIX_HEADER = YES;
				GCC_PREFIX_HEADER = "TabbarThings/TabbarThings-Prefix.pch";
				INFOPLIST_FILE = "TabbarThingsTests/TabbarThingsTests-Info.plist";
				PRODUCT_NAME = "$(TARGET_NAME)";
				TEST_HOST = "$(BUNDLE_LOADER)";
				WRAPPER_EXTENSION = xctest;
			};
			name = Release;
		};
/* End XCBuildConfiguration section */

/* Begin XCConfigurationList section */
		97EF7695180D3950003B75C3 /* Build configuration list for PBXProject "TabbarThings" */ = {
			isa = XCConfigurationList;
			buildConfigurations = (
				97EF76C4180D3950003B75C3 /* Debug */,
				97EF76C5180D3950003B75C3 /* Release */,
			);
			defaultConfigurationIsVisible = 0;
			defaultConfigurationName = Release;
		};
		97EF76C6180D3950003B75C3 /* Build configuration list for PBXNativeTarget "TabbarThings" */ = {
			isa = XCConfigurationList;
			buildConfigurations = (
				97EF76C7180D3950003B75C3 /* Debug */,
				97EF76C8180D3950003B75C3 /* Release */,
			);
			defaultConfigurationIsVisible = 0;
		};
		97EF76C9180D3950003B75C3 /* Build configuration list for PBXNativeTarget "TabbarThingsTests" */ = {
			isa = XCConfigurationList;
			buildConfigurations = (
				97EF76CA180D3950003B75C3 /* Debug */,
				97EF76CB180D3950003B75C3 /* Release */,
			);
			defaultConfigurationIsVisible = 0;
		};
/* End XCConfigurationList section */
	};
	rootObject = 97EF7692180D3950003B75C3 /* Project object */;
}
