// !$*UTF8*$!
{
	archiveVersion = 1;
	classes = {
	};
	objectVersion = 46;
	objects = {

/* Begin PBXBuildFile section */
		97A83F2A1920531C002FA9AD /* Foundation.framework in Frameworks */ = {isa = PBXBuildFile; fileRef = 97A83F291920531C002FA9AD /* Foundation.framework */; };
		97A83F2C1920531C002FA9AD /* CoreGraphics.framework in Frameworks */ = {isa = PBXBuildFile; fileRef = 97A83F2B1920531C002FA9AD /* CoreGraphics.framework */; };
		97A83F2E1920531C002FA9AD /* UIKit.framework in Frameworks */ = {isa = PBXBuildFile; fileRef = 97A83F2D1920531C002FA9AD /* UIKit.framework */; };
		97A83F341920531C002FA9AD /* InfoPlist.strings in Resources */ = {isa = PBXBuildFile; fileRef = 97A83F321920531C002FA9AD /* InfoPlist.strings */; };
		97A83F361920531C002FA9AD /* main.m in Sources */ = {isa = PBXBuildFile; fileRef = 97A83F351920531C002FA9AD /* main.m */; };
		97A83F3A1920531C002FA9AD /* MTTAppDelegate.m in Sources */ = {isa = PBXBuildFile; fileRef = 97A83F391920531C002FA9AD /* MTTAppDelegate.m */; };
		97A83F3D1920531C002FA9AD /* Main.storyboard in Resources */ = {isa = PBXBuildFile; fileRef = 97A83F3B1920531C002FA9AD /* Main.storyboard */; };
		97A83F401920531C002FA9AD /* MTTViewController.m in Sources */ = {isa = PBXBuildFile; fileRef = 97A83F3F1920531C002FA9AD /* MTTViewController.m */; };
		97A83F421920531C002FA9AD /* Images.xcassets in Resources */ = {isa = PBXBuildFile; fileRef = 97A83F411920531C002FA9AD /* Images.xcassets */; };
		97A83F491920531C002FA9AD /* XCTest.framework in Frameworks */ = {isa = PBXBuildFile; fileRef = 97A83F481920531C002FA9AD /* XCTest.framework */; };
		97A83F4A1920531C002FA9AD /* Foundation.framework in Frameworks */ = {isa = PBXBuildFile; fileRef = 97A83F291920531C002FA9AD /* Foundation.framework */; };
		97A83F4B1920531C002FA9AD /* UIKit.framework in Frameworks */ = {isa = PBXBuildFile; fileRef = 97A83F2D1920531C002FA9AD /* UIKit.framework */; };
		97A83F531920531C002FA9AD /* InfoPlist.strings in Resources */ = {isa = PBXBuildFile; fileRef = 97A83F511920531C002FA9AD /* InfoPlist.strings */; };
		97A83F551920531C002FA9AD /* multithreadtutTests.m in Sources */ = {isa = PBXBuildFile; fileRef = 97A83F541920531C002FA9AD /* multithreadtutTests.m */; };
/* End PBXBuildFile section */

/* Begin PBXContainerItemProxy section */
		97A83F4C1920531C002FA9AD /* PBXContainerItemProxy */ = {
			isa = PBXContainerItemProxy;
			containerPortal = 97A83F1E1920531C002FA9AD /* Project object */;
			proxyType = 1;
			remoteGlobalIDString = 97A83F251920531C002FA9AD;
			remoteInfo = multithreadtut;
		};
/* End PBXContainerItemProxy section */

/* Begin PBXFileReference section */
		97A83F261920531C002FA9AD /* multithreadtut.app */ = {isa = PBXFileReference; explicitFileType = wrapper.application; includeInIndex = 0; path = multithreadtut.app; sourceTree = BUILT_PRODUCTS_DIR; };
		97A83F291920531C002FA9AD /* Foundation.framework */ = {isa = PBXFileReference; lastKnownFileType = wrapper.framework; name = Foundation.framework; path = System/Library/Frameworks/Foundation.framework; sourceTree = SDKROOT; };
		97A83F2B1920531C002FA9AD /* CoreGraphics.framework */ = {isa = PBXFileReference; lastKnownFileType = wrapper.framework; name = CoreGraphics.framework; path = System/Library/Frameworks/CoreGraphics.framework; sourceTree = SDKROOT; };
		97A83F2D1920531C002FA9AD /* UIKit.framework */ = {isa = PBXFileReference; lastKnownFileType = wrapper.framework; name = UIKit.framework; path = System/Library/Frameworks/UIKit.framework; sourceTree = SDKROOT; };
		97A83F311920531C002FA9AD /* multithreadtut-Info.plist */ = {isa = PBXFileReference; lastKnownFileType = text.plist.xml; path = "multithreadtut-Info.plist"; sourceTree = "<group>"; };
		97A83F331920531C002FA9AD /* en */ = {isa = PBXFileReference; lastKnownFileType = text.plist.strings; name = en; path = en.lproj/InfoPlist.strings; sourceTree = "<group>"; };
		97A83F351920531C002FA9AD /* main.m */ = {isa = PBXFileReference; lastKnownFileType = sourcecode.c.objc; path = main.m; sourceTree = "<group>"; };
		97A83F371920531C002FA9AD /* multithreadtut-Prefix.pch */ = {isa = PBXFileReference; lastKnownFileType = sourcecode.c.h; path = "multithreadtut-Prefix.pch"; sourceTree = "<group>"; };
		97A83F381920531C002FA9AD /* MTTAppDelegate.h */ = {isa = PBXFileReference; lastKnownFileType = sourcecode.c.h; path = MTTAppDelegate.h; sourceTree = "<group>"; };
		97A83F391920531C002FA9AD /* MTTAppDelegate.m */ = {isa = PBXFileReference; lastKnownFileType = sourcecode.c.objc; path = MTTAppDelegate.m; sourceTree = "<group>"; };
		97A83F3C1920531C002FA9AD /* Base */ = {isa = PBXFileReference; lastKnownFileType = file.storyboard; name = Base; path = Base.lproj/Main.storyboard; sourceTree = "<group>"; };
		97A83F3E1920531C002FA9AD /* MTTViewController.h */ = {isa = PBXFileReference; lastKnownFileType = sourcecode.c.h; path = MTTViewController.h; sourceTree = "<group>"; };
		97A83F3F1920531C002FA9AD /* MTTViewController.m */ = {isa = PBXFileReference; lastKnownFileType = sourcecode.c.objc; path = MTTViewController.m; sourceTree = "<group>"; };
		97A83F411920531C002FA9AD /* Images.xcassets */ = {isa = PBXFileReference; lastKnownFileType = folder.assetcatalog; path = Images.xcassets; sourceTree = "<group>"; };
		97A83F471920531C002FA9AD /* multithreadtutTests.xctest */ = {isa = PBXFileReference; explicitFileType = wrapper.cfbundle; includeInIndex = 0; path = multithreadtutTests.xctest; sourceTree = BUILT_PRODUCTS_DIR; };
		97A83F481920531C002FA9AD /* XCTest.framework */ = {isa = PBXFileReference; lastKnownFileType = wrapper.framework; name = XCTest.framework; path = Library/Frameworks/XCTest.framework; sourceTree = DEVELOPER_DIR; };
		97A83F501920531C002FA9AD /* multithreadtutTests-Info.plist */ = {isa = PBXFileReference; lastKnownFileType = text.plist.xml; path = "multithreadtutTests-Info.plist"; sourceTree = "<group>"; };
		97A83F521920531C002FA9AD /* en */ = {isa = PBXFileReference; lastKnownFileType = text.plist.strings; name = en; path = en.lproj/InfoPlist.strings; sourceTree = "<group>"; };
		97A83F541920531C002FA9AD /* multithreadtutTests.m */ = {isa = PBXFileReference; lastKnownFileType = sourcecode.c.objc; path = multithreadtutTests.m; sourceTree = "<group>"; };
/* End PBXFileReference section */

/* Begin PBXFrameworksBuildPhase section */
		97A83F231920531C002FA9AD /* Frameworks */ = {
			isa = PBXFrameworksBuildPhase;
			buildActionMask = 2147483647;
			files = (
				97A83F2C1920531C002FA9AD /* CoreGraphics.framework in Frameworks */,
				97A83F2E1920531C002FA9AD /* UIKit.framework in Frameworks */,
				97A83F2A1920531C002FA9AD /* Foundation.framework in Frameworks */,
			);
			runOnlyForDeploymentPostprocessing = 0;
		};
		97A83F441920531C002FA9AD /* Frameworks */ = {
			isa = PBXFrameworksBuildPhase;
			buildActionMask = 2147483647;
			files = (
				97A83F491920531C002FA9AD /* XCTest.framework in Frameworks */,
				97A83F4B1920531C002FA9AD /* UIKit.framework in Frameworks */,
				97A83F4A1920531C002FA9AD /* Foundation.framework in Frameworks */,
			);
			runOnlyForDeploymentPostprocessing = 0;
		};
/* End PBXFrameworksBuildPhase section */

/* Begin PBXGroup section */
		97A83F1D1920531C002FA9AD = {
			isa = PBXGroup;
			children = (
				97A83F2F1920531C002FA9AD /* multithreadtut */,
				97A83F4E1920531C002FA9AD /* multithreadtutTests */,
				97A83F281920531C002FA9AD /* Frameworks */,
				97A83F271920531C002FA9AD /* Products */,
			);
			sourceTree = "<group>";
		};
		97A83F271920531C002FA9AD /* Products */ = {
			isa = PBXGroup;
			children = (
				97A83F261920531C002FA9AD /* multithreadtut.app */,
				97A83F471920531C002FA9AD /* multithreadtutTests.xctest */,
			);
			name = Products;
			sourceTree = "<group>";
		};
		97A83F281920531C002FA9AD /* Frameworks */ = {
			isa = PBXGroup;
			children = (
				97A83F291920531C002FA9AD /* Foundation.framework */,
				97A83F2B1920531C002FA9AD /* CoreGraphics.framework */,
				97A83F2D1920531C002FA9AD /* UIKit.framework */,
				97A83F481920531C002FA9AD /* XCTest.framework */,
			);
			name = Frameworks;
			sourceTree = "<group>";
		};
		97A83F2F1920531C002FA9AD /* multithreadtut */ = {
			isa = PBXGroup;
			children = (
				97A83F381920531C002FA9AD /* MTTAppDelegate.h */,
				97A83F391920531C002FA9AD /* MTTAppDelegate.m */,
				97A83F3B1920531C002FA9AD /* Main.storyboard */,
				97A83F3E1920531C002FA9AD /* MTTViewController.h */,
				97A83F3F1920531C002FA9AD /* MTTViewController.m */,
				97A83F411920531C002FA9AD /* Images.xcassets */,
				97A83F301920531C002FA9AD /* Supporting Files */,
			);
			path = multithreadtut;
			sourceTree = "<group>";
		};
		97A83F301920531C002FA9AD /* Supporting Files */ = {
			isa = PBXGroup;
			children = (
				97A83F311920531C002FA9AD /* multithreadtut-Info.plist */,
				97A83F321920531C002FA9AD /* InfoPlist.strings */,
				97A83F351920531C002FA9AD /* main.m */,
				97A83F371920531C002FA9AD /* multithreadtut-Prefix.pch */,
			);
			name = "Supporting Files";
			sourceTree = "<group>";
		};
		97A83F4E1920531C002FA9AD /* multithreadtutTests */ = {
			isa = PBXGroup;
			children = (
				97A83F541920531C002FA9AD /* multithreadtutTests.m */,
				97A83F4F1920531C002FA9AD /* Supporting Files */,
			);
			path = multithreadtutTests;
			sourceTree = "<group>";
		};
		97A83F4F1920531C002FA9AD /* Supporting Files */ = {
			isa = PBXGroup;
			children = (
				97A83F501920531C002FA9AD /* multithreadtutTests-Info.plist */,
				97A83F511920531C002FA9AD /* InfoPlist.strings */,
			);
			name = "Supporting Files";
			sourceTree = "<group>";
		};
/* End PBXGroup section */

/* Begin PBXNativeTarget section */
		97A83F251920531C002FA9AD /* multithreadtut */ = {
			isa = PBXNativeTarget;
			buildConfigurationList = 97A83F581920531C002FA9AD /* Build configuration list for PBXNativeTarget "multithreadtut" */;
			buildPhases = (
				97A83F221920531C002FA9AD /* Sources */,
				97A83F231920531C002FA9AD /* Frameworks */,
				97A83F241920531C002FA9AD /* Resources */,
			);
			buildRules = (
			);
			dependencies = (
			);
			name = multithreadtut;
			productName = multithreadtut;
			productReference = 97A83F261920531C002FA9AD /* multithreadtut.app */;
			productType = "com.apple.product-type.application";
		};
		97A83F461920531C002FA9AD /* multithreadtutTests */ = {
			isa = PBXNativeTarget;
			buildConfigurationList = 97A83F5B1920531C002FA9AD /* Build configuration list for PBXNativeTarget "multithreadtutTests" */;
			buildPhases = (
				97A83F431920531C002FA9AD /* Sources */,
				97A83F441920531C002FA9AD /* Frameworks */,
				97A83F451920531C002FA9AD /* Resources */,
			);
			buildRules = (
			);
			dependencies = (
				97A83F4D1920531C002FA9AD /* PBXTargetDependency */,
			);
			name = multithreadtutTests;
			productName = multithreadtutTests;
			productReference = 97A83F471920531C002FA9AD /* multithreadtutTests.xctest */;
			productType = "com.apple.product-type.bundle.unit-test";
		};
/* End PBXNativeTarget section */

/* Begin PBXProject section */
		97A83F1E1920531C002FA9AD /* Project object */ = {
			isa = PBXProject;
			attributes = {
				CLASSPREFIX = MTT;
				LastUpgradeCheck = 0510;
				ORGANIZATIONNAME = iosteam;
				TargetAttributes = {
					97A83F251920531C002FA9AD = {
						DevelopmentTeam = 669Z8AMSQ6;
					};
					97A83F461920531C002FA9AD = {
						TestTargetID = 97A83F251920531C002FA9AD;
					};
				};
			};
			buildConfigurationList = 97A83F211920531C002FA9AD /* Build configuration list for PBXProject "multithreadtut" */;
			compatibilityVersion = "Xcode 3.2";
			developmentRegion = English;
			hasScannedForEncodings = 0;
			knownRegions = (
				en,
				Base,
			);
			mainGroup = 97A83F1D1920531C002FA9AD;
			productRefGroup = 97A83F271920531C002FA9AD /* Products */;
			projectDirPath = "";
			projectRoot = "";
			targets = (
				97A83F251920531C002FA9AD /* multithreadtut */,
				97A83F461920531C002FA9AD /* multithreadtutTests */,
			);
		};
/* End PBXProject section */

/* Begin PBXResourcesBuildPhase section */
		97A83F241920531C002FA9AD /* Resources */ = {
			isa = PBXResourcesBuildPhase;
			buildActionMask = 2147483647;
			files = (
				97A83F421920531C002FA9AD /* Images.xcassets in Resources */,
				97A83F341920531C002FA9AD /* InfoPlist.strings in Resources */,
				97A83F3D1920531C002FA9AD /* Main.storyboard in Resources */,
			);
			runOnlyForDeploymentPostprocessing = 0;
		};
		97A83F451920531C002FA9AD /* Resources */ = {
			isa = PBXResourcesBuildPhase;
			buildActionMask = 2147483647;
			files = (
				97A83F531920531C002FA9AD /* InfoPlist.strings in Resources */,
			);
			runOnlyForDeploymentPostprocessing = 0;
		};
/* End PBXResourcesBuildPhase section */

/* Begin PBXSourcesBuildPhase section */
		97A83F221920531C002FA9AD /* Sources */ = {
			isa = PBXSourcesBuildPhase;
			buildActionMask = 2147483647;
			files = (
				97A83F3A1920531C002FA9AD /* MTTAppDelegate.m in Sources */,
				97A83F401920531C002FA9AD /* MTTViewController.m in Sources */,
				97A83F361920531C002FA9AD /* main.m in Sources */,
			);
			runOnlyForDeploymentPostprocessing = 0;
		};
		97A83F431920531C002FA9AD /* Sources */ = {
			isa = PBXSourcesBuildPhase;
			buildActionMask = 2147483647;
			files = (
				97A83F551920531C002FA9AD /* multithreadtutTests.m in Sources */,
			);
			runOnlyForDeploymentPostprocessing = 0;
		};
/* End PBXSourcesBuildPhase section */

/* Begin PBXTargetDependency section */
		97A83F4D1920531C002FA9AD /* PBXTargetDependency */ = {
			isa = PBXTargetDependency;
			target = 97A83F251920531C002FA9AD /* multithreadtut */;
			targetProxy = 97A83F4C1920531C002FA9AD /* PBXContainerItemProxy */;
		};
/* End PBXTargetDependency section */

/* Begin PBXVariantGroup section */
		97A83F321920531C002FA9AD /* InfoPlist.strings */ = {
			isa = PBXVariantGroup;
			children = (
				97A83F331920531C002FA9AD /* en */,
			);
			name = InfoPlist.strings;
			sourceTree = "<group>";
		};
		97A83F3B1920531C002FA9AD /* Main.storyboard */ = {
			isa = PBXVariantGroup;
			children = (
				97A83F3C1920531C002FA9AD /* Base */,
			);
			name = Main.storyboard;
			sourceTree = "<group>";
		};
		97A83F511920531C002FA9AD /* InfoPlist.strings */ = {
			isa = PBXVariantGroup;
			children = (
				97A83F521920531C002FA9AD /* en */,
			);
			name = InfoPlist.strings;
			sourceTree = "<group>";
		};
/* End PBXVariantGroup section */

/* Begin XCBuildConfiguration section */
		97A83F561920531C002FA9AD /* Debug */ = {
			isa = XCBuildConfiguration;
			buildSettings = {
				ALWAYS_SEARCH_USER_PATHS = NO;
				CLANG_CXX_LANGUAGE_STANDARD = "gnu++0x";
				CLANG_CXX_LIBRARY = "libc++";
				CLANG_ENABLE_MODULES = YES;
				CLANG_ENABLE_OBJC_ARC = YES;
				CLANG_WARN_BOOL_CONVERSION = YES;
				CLANG_WARN_CONSTANT_CONVERSION = YES;
				CLANG_WARN_DIRECT_OBJC_ISA_USAGE = YES_ERROR;
				CLANG_WARN_EMPTY_BODY = YES;
				CLANG_WARN_ENUM_CONVERSION = YES;
				CLANG_WARN_INT_CONVERSION = YES;
				CLANG_WARN_OBJC_ROOT_CLASS = YES_ERROR;
				CLANG_WARN__DUPLICATE_METHOD_MATCH = YES;
				"CODE_SIGN_IDENTITY[sdk=iphoneos*]" = "iPhone Developer";
				COPY_PHASE_STRIP = NO;
				GCC_C_LANGUAGE_STANDARD = gnu99;
				GCC_DYNAMIC_NO_PIC = NO;
				GCC_OPTIMIZATION_LEVEL = 0;
				GCC_PREPROCESSOR_DEFINITIONS = (
					"DEBUG=1",
					"$(inherited)",
				);
				GCC_SYMBOLS_PRIVATE_EXTERN = NO;
				GCC_WARN_64_TO_32_BIT_CONVERSION = YES;
				GCC_WARN_ABOUT_RETURN_TYPE = YES_ERROR;
				GCC_WARN_UNDECLARED_SELECTOR = YES;
				GCC_WARN_UNINITIALIZED_AUTOS = YES_AGGRESSIVE;
				GCC_WARN_UNUSED_FUNCTION = YES;
				GCC_WARN_UNUSED_VARIABLE = YES;
				IPHONEOS_DEPLOYMENT_TARGET = 7.1;
				ONLY_ACTIVE_ARCH = YES;
				SDKROOT = iphoneos;
			};
			name = Debug;
		};
		97A83F571920531C002FA9AD /* Release */ = {
			isa = XCBuildConfiguration;
			buildSettings = {
				ALWAYS_SEARCH_USER_PATHS = NO;
				CLANG_CXX_LANGUAGE_STANDARD = "gnu++0x";
				CLANG_CXX_LIBRARY = "libc++";
				CLANG_ENABLE_MODULES = YES;
				CLANG_ENABLE_OBJC_ARC = YES;
				CLANG_WARN_BOOL_CONVERSION = YES;
				CLANG_WARN_CONSTANT_CONVERSION = YES;
				CLANG_WARN_DIRECT_OBJC_ISA_USAGE = YES_ERROR;
				CLANG_WARN_EMPTY_BODY = YES;
				CLANG_WARN_ENUM_CONVERSION = YES;
				CLANG_WARN_INT_CONVERSION = YES;
				CLANG_WARN_OBJC_ROOT_CLASS = YES_ERROR;
				CLANG_WARN__DUPLICATE_METHOD_MATCH = YES;
				"CODE_SIGN_IDENTITY[sdk=iphoneos*]" = "iPhone Developer";
				COPY_PHASE_STRIP = YES;
				ENABLE_NS_ASSERTIONS = NO;
				GCC_C_LANGUAGE_STANDARD = gnu99;
				GCC_WARN_64_TO_32_BIT_CONVERSION = YES;
				GCC_WARN_ABOUT_RETURN_TYPE = YES_ERROR;
				GCC_WARN_UNDECLARED_SELECTOR = YES;
				GCC_WARN_UNINITIALIZED_AUTOS = YES_AGGRESSIVE;
				GCC_WARN_UNUSED_FUNCTION = YES;
				GCC_WARN_UNUSED_VARIABLE = YES;
				IPHONEOS_DEPLOYMENT_TARGET = 7.1;
				SDKROOT = iphoneos;
				VALIDATE_PRODUCT = YES;
			};
			name = Release;
		};
		97A83F591920531C002FA9AD /* Debug */ = {
			isa = XCBuildConfiguration;
			buildSettings = {
				ASSETCATALOG_COMPILER_APPICON_NAME = AppIcon;
				ASSETCATALOG_COMPILER_LAUNCHIMAGE_NAME = LaunchImage;
				CODE_SIGN_IDENTITY = "iPhone Developer";
				GCC_PRECOMPILE_PREFIX_HEADER = YES;
				GCC_PREFIX_HEADER = "multithreadtut/multithreadtut-Prefix.pch";
				INFOPLIST_FILE = "multithreadtut/multithreadtut-Info.plist";
				PRODUCT_NAME = "$(TARGET_NAME)";
				WRAPPER_EXTENSION = app;
			};
			name = Debug;
		};
		97A83F5A1920531C002FA9AD /* Release */ = {
			isa = XCBuildConfiguration;
			buildSettings = {
				ASSETCATALOG_COMPILER_APPICON_NAME = AppIcon;
				ASSETCATALOG_COMPILER_LAUNCHIMAGE_NAME = LaunchImage;
				CODE_SIGN_IDENTITY = "iPhone Developer";
				GCC_PRECOMPILE_PREFIX_HEADER = YES;
				GCC_PREFIX_HEADER = "multithreadtut/multithreadtut-Prefix.pch";
				INFOPLIST_FILE = "multithreadtut/multithreadtut-Info.plist";
				PRODUCT_NAME = "$(TARGET_NAME)";
				WRAPPER_EXTENSION = app;
			};
			name = Release;
		};
		97A83F5C1920531C002FA9AD /* Debug */ = {
			isa = XCBuildConfiguration;
			buildSettings = {
				BUNDLE_LOADER = "$(BUILT_PRODUCTS_DIR)/multithreadtut.app/multithreadtut";
				FRAMEWORK_SEARCH_PATHS = (
					"$(SDKROOT)/Developer/Library/Frameworks",
					"$(inherited)",
					"$(DEVELOPER_FRAMEWORKS_DIR)",
				);
				GCC_PRECOMPILE_PREFIX_HEADER = YES;
				GCC_PREFIX_HEADER = "multithreadtut/multithreadtut-Prefix.pch";
				GCC_PREPROCESSOR_DEFINITIONS = (
					"DEBUG=1",
					"$(inherited)",
				);
				INFOPLIST_FILE = "multithreadtutTests/multithreadtutTests-Info.plist";
				PRODUCT_NAME = "$(TARGET_NAME)";
				TEST_HOST = "$(BUNDLE_LOADER)";
				WRAPPER_EXTENSION = xctest;
			};
			name = Debug;
		};
		97A83F5D1920531C002FA9AD /* Release */ = {
			isa = XCBuildConfiguration;
			buildSettings = {
				BUNDLE_LOADER = "$(BUILT_PRODUCTS_DIR)/multithreadtut.app/multithreadtut";
				FRAMEWORK_SEARCH_PATHS = (
					"$(SDKROOT)/Developer/Library/Frameworks",
					"$(inherited)",
					"$(DEVELOPER_FRAMEWORKS_DIR)",
				);
				GCC_PRECOMPILE_PREFIX_HEADER = YES;
				GCC_PREFIX_HEADER = "multithreadtut/multithreadtut-Prefix.pch";
				INFOPLIST_FILE = "multithreadtutTests/multithreadtutTests-Info.plist";
				PRODUCT_NAME = "$(TARGET_NAME)";
				TEST_HOST = "$(BUNDLE_LOADER)";
				WRAPPER_EXTENSION = xctest;
			};
			name = Release;
		};
/* End XCBuildConfiguration section */

/* Begin XCConfigurationList section */
		97A83F211920531C002FA9AD /* Build configuration list for PBXProject "multithreadtut" */ = {
			isa = XCConfigurationList;
			buildConfigurations = (
				97A83F561920531C002FA9AD /* Debug */,
				97A83F571920531C002FA9AD /* Release */,
			);
			defaultConfigurationIsVisible = 0;
			defaultConfigurationName = Release;
		};
		97A83F581920531C002FA9AD /* Build configuration list for PBXNativeTarget "multithreadtut" */ = {
			isa = XCConfigurationList;
			buildConfigurations = (
				97A83F591920531C002FA9AD /* Debug */,
				97A83F5A1920531C002FA9AD /* Release */,
			);
			defaultConfigurationIsVisible = 0;
			defaultConfigurationName = Release;
		};
		97A83F5B1920531C002FA9AD /* Build configuration list for PBXNativeTarget "multithreadtutTests" */ = {
			isa = XCConfigurationList;
			buildConfigurations = (
				97A83F5C1920531C002FA9AD /* Debug */,
				97A83F5D1920531C002FA9AD /* Release */,
			);
			defaultConfigurationIsVisible = 0;
			defaultConfigurationName = Release;
		};
/* End XCConfigurationList section */
	};
	rootObject = 97A83F1E1920531C002FA9AD /* Project object */;
}
