// !$*UTF8*$!
{
	archiveVersion = 1;
	classes = {
	};
	objectVersion = 46;
	objects = {

/* Begin PBXBuildFile section */
		2584221F17FECFB40013696A /* VLMyNaviViewController.m in Sources */ = {isa = PBXBuildFile; fileRef = 2584221E17FECFB40013696A /* VLMyNaviViewController.m */; };
		2584222317FECFDE0013696A /* VLMyNaviRootViewController.m in Sources */ = {isa = PBXBuildFile; fileRef = 2584222117FECFDE0013696A /* VLMyNaviRootViewController.m */; };
		2584222417FECFDE0013696A /* VLMyNaviRootViewController.xib in Resources */ = {isa = PBXBuildFile; fileRef = 2584222217FECFDE0013696A /* VLMyNaviRootViewController.xib */; };
		2584222717FED0270013696A /* VLMyTabBarViewController.m in Sources */ = {isa = PBXBuildFile; fileRef = 2584222617FED0270013696A /* VLMyTabBarViewController.m */; };
		2584222B17FED07E0013696A /* VLTabOneViewController.m in Sources */ = {isa = PBXBuildFile; fileRef = 2584222917FED07E0013696A /* VLTabOneViewController.m */; };
		2584222C17FED07E0013696A /* VLTabOneViewController.xib in Resources */ = {isa = PBXBuildFile; fileRef = 2584222A17FED07E0013696A /* VLTabOneViewController.xib */; };
		2584223017FED0B10013696A /* VLTabTwoViewController.m in Sources */ = {isa = PBXBuildFile; fileRef = 2584222E17FED0B10013696A /* VLTabTwoViewController.m */; };
		2584223117FED0B10013696A /* VLTabTwoViewController.xib in Resources */ = {isa = PBXBuildFile; fileRef = 2584222F17FED0B10013696A /* VLTabTwoViewController.xib */; };
		2584223517FED0DB0013696A /* VLNaviSub1ViewController.m in Sources */ = {isa = PBXBuildFile; fileRef = 2584223317FED0DB0013696A /* VLNaviSub1ViewController.m */; };
		2584223617FED0DB0013696A /* VLNaviSub1ViewController.xib in Resources */ = {isa = PBXBuildFile; fileRef = 2584223417FED0DB0013696A /* VLNaviSub1ViewController.xib */; };
		25A98A9B17F5E091009C8006 /* Foundation.framework in Frameworks */ = {isa = PBXBuildFile; fileRef = 25A98A9A17F5E091009C8006 /* Foundation.framework */; };
		25A98A9D17F5E091009C8006 /* CoreGraphics.framework in Frameworks */ = {isa = PBXBuildFile; fileRef = 25A98A9C17F5E091009C8006 /* CoreGraphics.framework */; };
		25A98A9F17F5E091009C8006 /* UIKit.framework in Frameworks */ = {isa = PBXBuildFile; fileRef = 25A98A9E17F5E091009C8006 /* UIKit.framework */; };
		25A98AA517F5E091009C8006 /* InfoPlist.strings in Resources */ = {isa = PBXBuildFile; fileRef = 25A98AA317F5E091009C8006 /* InfoPlist.strings */; };
		25A98AA717F5E091009C8006 /* main.m in Sources */ = {isa = PBXBuildFile; fileRef = 25A98AA617F5E091009C8006 /* main.m */; };
		25A98AAB17F5E091009C8006 /* VLAppDelegate.m in Sources */ = {isa = PBXBuildFile; fileRef = 25A98AAA17F5E091009C8006 /* VLAppDelegate.m */; };
		25A98AAE17F5E092009C8006 /* Main.storyboard in Resources */ = {isa = PBXBuildFile; fileRef = 25A98AAC17F5E092009C8006 /* Main.storyboard */; };
		25A98AB117F5E092009C8006 /* VLViewController.m in Sources */ = {isa = PBXBuildFile; fileRef = 25A98AB017F5E092009C8006 /* VLViewController.m */; };
		25A98AB317F5E092009C8006 /* Images.xcassets in Resources */ = {isa = PBXBuildFile; fileRef = 25A98AB217F5E092009C8006 /* Images.xcassets */; };
/* End PBXBuildFile section */

/* Begin PBXFileReference section */
		2584221D17FECFB40013696A /* VLMyNaviViewController.h */ = {isa = PBXFileReference; fileEncoding = 4; lastKnownFileType = sourcecode.c.h; path = VLMyNaviViewController.h; sourceTree = "<group>"; };
		2584221E17FECFB40013696A /* VLMyNaviViewController.m */ = {isa = PBXFileReference; fileEncoding = 4; lastKnownFileType = sourcecode.c.objc; path = VLMyNaviViewController.m; sourceTree = "<group>"; };
		2584222017FECFDE0013696A /* VLMyNaviRootViewController.h */ = {isa = PBXFileReference; fileEncoding = 4; lastKnownFileType = sourcecode.c.h; path = VLMyNaviRootViewController.h; sourceTree = "<group>"; };
		2584222117FECFDE0013696A /* VLMyNaviRootViewController.m */ = {isa = PBXFileReference; fileEncoding = 4; lastKnownFileType = sourcecode.c.objc; path = VLMyNaviRootViewController.m; sourceTree = "<group>"; };
		2584222217FECFDE0013696A /* VLMyNaviRootViewController.xib */ = {isa = PBXFileReference; fileEncoding = 4; lastKnownFileType = file.xib; path = VLMyNaviRootViewController.xib; sourceTree = "<group>"; };
		2584222517FED0270013696A /* VLMyTabBarViewController.h */ = {isa = PBXFileReference; fileEncoding = 4; lastKnownFileType = sourcecode.c.h; path = VLMyTabBarViewController.h; sourceTree = "<group>"; };
		2584222617FED0270013696A /* VLMyTabBarViewController.m */ = {isa = PBXFileReference; fileEncoding = 4; lastKnownFileType = sourcecode.c.objc; path = VLMyTabBarViewController.m; sourceTree = "<group>"; };
		2584222817FED07E0013696A /* VLTabOneViewController.h */ = {isa = PBXFileReference; fileEncoding = 4; lastKnownFileType = sourcecode.c.h; path = VLTabOneViewController.h; sourceTree = "<group>"; };
		2584222917FED07E0013696A /* VLTabOneViewController.m */ = {isa = PBXFileReference; fileEncoding = 4; lastKnownFileType = sourcecode.c.objc; path = VLTabOneViewController.m; sourceTree = "<group>"; };
		2584222A17FED07E0013696A /* VLTabOneViewController.xib */ = {isa = PBXFileReference; fileEncoding = 4; lastKnownFileType = file.xib; path = VLTabOneViewController.xib; sourceTree = "<group>"; };
		2584222D17FED0B10013696A /* VLTabTwoViewController.h */ = {isa = PBXFileReference; fileEncoding = 4; lastKnownFileType = sourcecode.c.h; path = VLTabTwoViewController.h; sourceTree = "<group>"; };
		2584222E17FED0B10013696A /* VLTabTwoViewController.m */ = {isa = PBXFileReference; fileEncoding = 4; lastKnownFileType = sourcecode.c.objc; path = VLTabTwoViewController.m; sourceTree = "<group>"; };
		2584222F17FED0B10013696A /* VLTabTwoViewController.xib */ = {isa = PBXFileReference; fileEncoding = 4; lastKnownFileType = file.xib; path = VLTabTwoViewController.xib; sourceTree = "<group>"; };
		2584223217FED0DB0013696A /* VLNaviSub1ViewController.h */ = {isa = PBXFileReference; fileEncoding = 4; lastKnownFileType = sourcecode.c.h; path = VLNaviSub1ViewController.h; sourceTree = "<group>"; };
		2584223317FED0DB0013696A /* VLNaviSub1ViewController.m */ = {isa = PBXFileReference; fileEncoding = 4; lastKnownFileType = sourcecode.c.objc; path = VLNaviSub1ViewController.m; sourceTree = "<group>"; };
		2584223417FED0DB0013696A /* VLNaviSub1ViewController.xib */ = {isa = PBXFileReference; fileEncoding = 4; lastKnownFileType = file.xib; path = VLNaviSub1ViewController.xib; sourceTree = "<group>"; };
		25A98A9717F5E091009C8006 /* ViewsLifecircle.app */ = {isa = PBXFileReference; explicitFileType = wrapper.application; includeInIndex = 0; path = ViewsLifecircle.app; sourceTree = BUILT_PRODUCTS_DIR; };
		25A98A9A17F5E091009C8006 /* Foundation.framework */ = {isa = PBXFileReference; lastKnownFileType = wrapper.framework; name = Foundation.framework; path = System/Library/Frameworks/Foundation.framework; sourceTree = SDKROOT; };
		25A98A9C17F5E091009C8006 /* CoreGraphics.framework */ = {isa = PBXFileReference; lastKnownFileType = wrapper.framework; name = CoreGraphics.framework; path = System/Library/Frameworks/CoreGraphics.framework; sourceTree = SDKROOT; };
		25A98A9E17F5E091009C8006 /* UIKit.framework */ = {isa = PBXFileReference; lastKnownFileType = wrapper.framework; name = UIKit.framework; path = System/Library/Frameworks/UIKit.framework; sourceTree = SDKROOT; };
		25A98AA217F5E091009C8006 /* ViewsLifecircle-Info.plist */ = {isa = PBXFileReference; lastKnownFileType = text.plist.xml; path = "ViewsLifecircle-Info.plist"; sourceTree = "<group>"; };
		25A98AA417F5E091009C8006 /* en */ = {isa = PBXFileReference; lastKnownFileType = text.plist.strings; name = en; path = en.lproj/InfoPlist.strings; sourceTree = "<group>"; };
		25A98AA617F5E091009C8006 /* main.m */ = {isa = PBXFileReference; lastKnownFileType = sourcecode.c.objc; path = main.m; sourceTree = "<group>"; };
		25A98AA817F5E091009C8006 /* ViewsLifecircle-Prefix.pch */ = {isa = PBXFileReference; lastKnownFileType = sourcecode.c.h; path = "ViewsLifecircle-Prefix.pch"; sourceTree = "<group>"; };
		25A98AA917F5E091009C8006 /* VLAppDelegate.h */ = {isa = PBXFileReference; lastKnownFileType = sourcecode.c.h; path = VLAppDelegate.h; sourceTree = "<group>"; };
		25A98AAA17F5E091009C8006 /* VLAppDelegate.m */ = {isa = PBXFileReference; lastKnownFileType = sourcecode.c.objc; path = VLAppDelegate.m; sourceTree = "<group>"; };
		25A98AAD17F5E092009C8006 /* Base */ = {isa = PBXFileReference; lastKnownFileType = file.storyboard; name = Base; path = Base.lproj/Main.storyboard; sourceTree = "<group>"; };
		25A98AAF17F5E092009C8006 /* VLViewController.h */ = {isa = PBXFileReference; lastKnownFileType = sourcecode.c.h; path = VLViewController.h; sourceTree = "<group>"; };
		25A98AB017F5E092009C8006 /* VLViewController.m */ = {isa = PBXFileReference; lastKnownFileType = sourcecode.c.objc; path = VLViewController.m; sourceTree = "<group>"; };
		25A98AB217F5E092009C8006 /* Images.xcassets */ = {isa = PBXFileReference; lastKnownFileType = folder.assetcatalog; path = Images.xcassets; sourceTree = "<group>"; };
		25A98AB917F5E092009C8006 /* XCTest.framework */ = {isa = PBXFileReference; lastKnownFileType = wrapper.framework; name = XCTest.framework; path = Library/Frameworks/XCTest.framework; sourceTree = DEVELOPER_DIR; };
/* End PBXFileReference section */

/* Begin PBXFrameworksBuildPhase section */
		25A98A9417F5E091009C8006 /* Frameworks */ = {
			isa = PBXFrameworksBuildPhase;
			buildActionMask = 2147483647;
			files = (
				25A98A9D17F5E091009C8006 /* CoreGraphics.framework in Frameworks */,
				25A98A9F17F5E091009C8006 /* UIKit.framework in Frameworks */,
				25A98A9B17F5E091009C8006 /* Foundation.framework in Frameworks */,
			);
			runOnlyForDeploymentPostprocessing = 0;
		};
/* End PBXFrameworksBuildPhase section */

/* Begin PBXGroup section */
		25A98A8E17F5E091009C8006 = {
			isa = PBXGroup;
			children = (
				25A98AA017F5E091009C8006 /* ViewsLifecircle */,
				25A98A9917F5E091009C8006 /* Frameworks */,
				25A98A9817F5E091009C8006 /* Products */,
			);
			sourceTree = "<group>";
		};
		25A98A9817F5E091009C8006 /* Products */ = {
			isa = PBXGroup;
			children = (
				25A98A9717F5E091009C8006 /* ViewsLifecircle.app */,
			);
			name = Products;
			sourceTree = "<group>";
		};
		25A98A9917F5E091009C8006 /* Frameworks */ = {
			isa = PBXGroup;
			children = (
				25A98A9A17F5E091009C8006 /* Foundation.framework */,
				25A98A9C17F5E091009C8006 /* CoreGraphics.framework */,
				25A98A9E17F5E091009C8006 /* UIKit.framework */,
				25A98AB917F5E092009C8006 /* XCTest.framework */,
			);
			name = Frameworks;
			sourceTree = "<group>";
		};
		25A98AA017F5E091009C8006 /* ViewsLifecircle */ = {
			isa = PBXGroup;
			children = (
				25A98AA917F5E091009C8006 /* VLAppDelegate.h */,
				25A98AAA17F5E091009C8006 /* VLAppDelegate.m */,
				25A98AAC17F5E092009C8006 /* Main.storyboard */,
				25A98AAF17F5E092009C8006 /* VLViewController.h */,
				25A98AB017F5E092009C8006 /* VLViewController.m */,
				25A98AB217F5E092009C8006 /* Images.xcassets */,
				25A98AA117F5E091009C8006 /* Supporting Files */,
				2584221D17FECFB40013696A /* VLMyNaviViewController.h */,
				2584221E17FECFB40013696A /* VLMyNaviViewController.m */,
				2584222017FECFDE0013696A /* VLMyNaviRootViewController.h */,
				2584222117FECFDE0013696A /* VLMyNaviRootViewController.m */,
				2584222217FECFDE0013696A /* VLMyNaviRootViewController.xib */,
				2584223217FED0DB0013696A /* VLNaviSub1ViewController.h */,
				2584223317FED0DB0013696A /* VLNaviSub1ViewController.m */,
				2584223417FED0DB0013696A /* VLNaviSub1ViewController.xib */,
				2584222517FED0270013696A /* VLMyTabBarViewController.h */,
				2584222617FED0270013696A /* VLMyTabBarViewController.m */,
				2584222817FED07E0013696A /* VLTabOneViewController.h */,
				2584222917FED07E0013696A /* VLTabOneViewController.m */,
				2584222A17FED07E0013696A /* VLTabOneViewController.xib */,
				2584222D17FED0B10013696A /* VLTabTwoViewController.h */,
				2584222E17FED0B10013696A /* VLTabTwoViewController.m */,
				2584222F17FED0B10013696A /* VLTabTwoViewController.xib */,
			);
			path = ViewsLifecircle;
			sourceTree = "<group>";
		};
		25A98AA117F5E091009C8006 /* Supporting Files */ = {
			isa = PBXGroup;
			children = (
				25A98AA217F5E091009C8006 /* ViewsLifecircle-Info.plist */,
				25A98AA317F5E091009C8006 /* InfoPlist.strings */,
				25A98AA617F5E091009C8006 /* main.m */,
				25A98AA817F5E091009C8006 /* ViewsLifecircle-Prefix.pch */,
			);
			name = "Supporting Files";
			sourceTree = "<group>";
		};
/* End PBXGroup section */

/* Begin PBXNativeTarget section */
		25A98A9617F5E091009C8006 /* ViewsLifecircle */ = {
			isa = PBXNativeTarget;
			buildConfigurationList = 25A98AC917F5E092009C8006 /* Build configuration list for PBXNativeTarget "ViewsLifecircle" */;
			buildPhases = (
				25A98A9317F5E091009C8006 /* Sources */,
				25A98A9417F5E091009C8006 /* Frameworks */,
				25A98A9517F5E091009C8006 /* Resources */,
			);
			buildRules = (
			);
			dependencies = (
			);
			name = ViewsLifecircle;
			productName = ViewsLifecircle;
			productReference = 25A98A9717F5E091009C8006 /* ViewsLifecircle.app */;
			productType = "com.apple.product-type.application";
		};
/* End PBXNativeTarget section */

/* Begin PBXProject section */
		25A98A8F17F5E091009C8006 /* Project object */ = {
			isa = PBXProject;
			attributes = {
				CLASSPREFIX = VL;
				LastUpgradeCheck = 0500;
				ORGANIZATIONNAME = bunny;
				TargetAttributes = {
					25A98A9617F5E091009C8006 = {
						DevelopmentTeam = WJFKG4XLTJ;
					};
				};
			};
			buildConfigurationList = 25A98A9217F5E091009C8006 /* Build configuration list for PBXProject "ViewsLifecircle" */;
			compatibilityVersion = "Xcode 3.2";
			developmentRegion = English;
			hasScannedForEncodings = 0;
			knownRegions = (
				en,
				Base,
			);
			mainGroup = 25A98A8E17F5E091009C8006;
			productRefGroup = 25A98A9817F5E091009C8006 /* Products */;
			projectDirPath = "";
			projectRoot = "";
			targets = (
				25A98A9617F5E091009C8006 /* ViewsLifecircle */,
			);
		};
/* End PBXProject section */

/* Begin PBXResourcesBuildPhase section */
		25A98A9517F5E091009C8006 /* Resources */ = {
			isa = PBXResourcesBuildPhase;
			buildActionMask = 2147483647;
			files = (
				2584222417FECFDE0013696A /* VLMyNaviRootViewController.xib in Resources */,
				25A98AB317F5E092009C8006 /* Images.xcassets in Resources */,
				2584222C17FED07E0013696A /* VLTabOneViewController.xib in Resources */,
				2584223617FED0DB0013696A /* VLNaviSub1ViewController.xib in Resources */,
				2584223117FED0B10013696A /* VLTabTwoViewController.xib in Resources */,
				25A98AA517F5E091009C8006 /* InfoPlist.strings in Resources */,
				25A98AAE17F5E092009C8006 /* Main.storyboard in Resources */,
			);
			runOnlyForDeploymentPostprocessing = 0;
		};
/* End PBXResourcesBuildPhase section */

/* Begin PBXSourcesBuildPhase section */
		25A98A9317F5E091009C8006 /* Sources */ = {
			isa = PBXSourcesBuildPhase;
			buildActionMask = 2147483647;
			files = (
				2584223517FED0DB0013696A /* VLNaviSub1ViewController.m in Sources */,
				2584221F17FECFB40013696A /* VLMyNaviViewController.m in Sources */,
				25A98AAB17F5E091009C8006 /* VLAppDelegate.m in Sources */,
				2584222717FED0270013696A /* VLMyTabBarViewController.m in Sources */,
				25A98AB117F5E092009C8006 /* VLViewController.m in Sources */,
				2584222B17FED07E0013696A /* VLTabOneViewController.m in Sources */,
				2584223017FED0B10013696A /* VLTabTwoViewController.m in Sources */,
				25A98AA717F5E091009C8006 /* main.m in Sources */,
				2584222317FECFDE0013696A /* VLMyNaviRootViewController.m in Sources */,
			);
			runOnlyForDeploymentPostprocessing = 0;
		};
/* End PBXSourcesBuildPhase section */

/* Begin PBXVariantGroup section */
		25A98AA317F5E091009C8006 /* InfoPlist.strings */ = {
			isa = PBXVariantGroup;
			children = (
				25A98AA417F5E091009C8006 /* en */,
			);
			name = InfoPlist.strings;
			sourceTree = "<group>";
		};
		25A98AAC17F5E092009C8006 /* Main.storyboard */ = {
			isa = PBXVariantGroup;
			children = (
				25A98AAD17F5E092009C8006 /* Base */,
			);
			name = Main.storyboard;
			sourceTree = "<group>";
		};
/* End PBXVariantGroup section */

/* Begin XCBuildConfiguration section */
		25A98AC717F5E092009C8006 /* Debug */ = {
			isa = XCBuildConfiguration;
			buildSettings = {
				ALWAYS_SEARCH_USER_PATHS = NO;
				ARCHS = "$(ARCHS_STANDARD_INCLUDING_64_BIT)";
				CLANG_CXX_LANGUAGE_STANDARD = "gnu++0x";
				CLANG_CXX_LIBRARY = "libc++";
				CLANG_ENABLE_MODULES = YES;
				CLANG_ENABLE_OBJC_ARC = YES;
				CLANG_WARN_BOOL_CONVERSION = YES;
				CLANG_WARN_CONSTANT_CONVERSION = YES;
				CLANG_WARN_DIRECT_OBJC_ISA_USAGE = YES_ERROR;
				CLANG_WARN_EMPTY_BODY = YES;
				CLANG_WARN_ENUM_CONVERSION = YES;
				CLANG_WARN_INT_CONVERSION = YES;
				CLANG_WARN_OBJC_ROOT_CLASS = YES_ERROR;
				CLANG_WARN__DUPLICATE_METHOD_MATCH = YES;
				"CODE_SIGN_IDENTITY[sdk=iphoneos*]" = "iPhone Developer";
				COPY_PHASE_STRIP = NO;
				GCC_C_LANGUAGE_STANDARD = gnu99;
				GCC_DYNAMIC_NO_PIC = NO;
				GCC_OPTIMIZATION_LEVEL = 0;
				GCC_PREPROCESSOR_DEFINITIONS = (
					"DEBUG=1",
					"$(inherited)",
				);
				GCC_SYMBOLS_PRIVATE_EXTERN = NO;
				GCC_WARN_64_TO_32_BIT_CONVERSION = YES;
				GCC_WARN_ABOUT_RETURN_TYPE = YES_ERROR;
				GCC_WARN_UNDECLARED_SELECTOR = YES;
				GCC_WARN_UNINITIALIZED_AUTOS = YES;
				GCC_WARN_UNUSED_FUNCTION = YES;
				GCC_WARN_UNUSED_VARIABLE = YES;
				IPHONEOS_DEPLOYMENT_TARGET = 7.0;
				ONLY_ACTIVE_ARCH = YES;
				SDKROOT = iphoneos;
			};
			name = Debug;
		};
		25A98AC817F5E092009C8006 /* Release */ = {
			isa = XCBuildConfiguration;
			buildSettings = {
				ALWAYS_SEARCH_USER_PATHS = NO;
				ARCHS = "$(ARCHS_STANDARD_INCLUDING_64_BIT)";
				CLANG_CXX_LANGUAGE_STANDARD = "gnu++0x";
				CLANG_CXX_LIBRARY = "libc++";
				CLANG_ENABLE_MODULES = YES;
				CLANG_ENABLE_OBJC_ARC = YES;
				CLANG_WARN_BOOL_CONVERSION = YES;
				CLANG_WARN_CONSTANT_CONVERSION = YES;
				CLANG_WARN_DIRECT_OBJC_ISA_USAGE = YES_ERROR;
				CLANG_WARN_EMPTY_BODY = YES;
				CLANG_WARN_ENUM_CONVERSION = YES;
				CLANG_WARN_INT_CONVERSION = YES;
				CLANG_WARN_OBJC_ROOT_CLASS = YES_ERROR;
				CLANG_WARN__DUPLICATE_METHOD_MATCH = YES;
				"CODE_SIGN_IDENTITY[sdk=iphoneos*]" = "iPhone Developer";
				COPY_PHASE_STRIP = YES;
				ENABLE_NS_ASSERTIONS = NO;
				GCC_C_LANGUAGE_STANDARD = gnu99;
				GCC_WARN_64_TO_32_BIT_CONVERSION = YES;
				GCC_WARN_ABOUT_RETURN_TYPE = YES_ERROR;
				GCC_WARN_UNDECLARED_SELECTOR = YES;
				GCC_WARN_UNINITIALIZED_AUTOS = YES;
				GCC_WARN_UNUSED_FUNCTION = YES;
				GCC_WARN_UNUSED_VARIABLE = YES;
				IPHONEOS_DEPLOYMENT_TARGET = 7.0;
				SDKROOT = iphoneos;
				VALIDATE_PRODUCT = YES;
			};
			name = Release;
		};
		25A98ACA17F5E092009C8006 /* Debug */ = {
			isa = XCBuildConfiguration;
			buildSettings = {
				ASSETCATALOG_COMPILER_APPICON_NAME = AppIcon;
				ASSETCATALOG_COMPILER_LAUNCHIMAGE_NAME = LaunchImage;
				CODE_SIGN_IDENTITY = "iPhone Developer";
				GCC_PRECOMPILE_PREFIX_HEADER = YES;
				GCC_PREFIX_HEADER = "ViewsLifecircle/ViewsLifecircle-Prefix.pch";
				INFOPLIST_FILE = "ViewsLifecircle/ViewsLifecircle-Info.plist";
				PRODUCT_NAME = "$(TARGET_NAME)";
				WRAPPER_EXTENSION = app;
			};
			name = Debug;
		};
		25A98ACB17F5E092009C8006 /* Release */ = {
			isa = XCBuildConfiguration;
			buildSettings = {
				ASSETCATALOG_COMPILER_APPICON_NAME = AppIcon;
				ASSETCATALOG_COMPILER_LAUNCHIMAGE_NAME = LaunchImage;
				CODE_SIGN_IDENTITY = "iPhone Developer";
				GCC_PRECOMPILE_PREFIX_HEADER = YES;
				GCC_PREFIX_HEADER = "ViewsLifecircle/ViewsLifecircle-Prefix.pch";
				INFOPLIST_FILE = "ViewsLifecircle/ViewsLifecircle-Info.plist";
				PRODUCT_NAME = "$(TARGET_NAME)";
				WRAPPER_EXTENSION = app;
			};
			name = Release;
		};
/* End XCBuildConfiguration section */

/* Begin XCConfigurationList section */
		25A98A9217F5E091009C8006 /* Build configuration list for PBXProject "ViewsLifecircle" */ = {
			isa = XCConfigurationList;
			buildConfigurations = (
				25A98AC717F5E092009C8006 /* Debug */,
				25A98AC817F5E092009C8006 /* Release */,
			);
			defaultConfigurationIsVisible = 0;
			defaultConfigurationName = Release;
		};
		25A98AC917F5E092009C8006 /* Build configuration list for PBXNativeTarget "ViewsLifecircle" */ = {
			isa = XCConfigurationList;
			buildConfigurations = (
				25A98ACA17F5E092009C8006 /* Debug */,
				25A98ACB17F5E092009C8006 /* Release */,
			);
			defaultConfigurationIsVisible = 0;
			defaultConfigurationName = Release;
		};
/* End XCConfigurationList section */
	};
	rootObject = 25A98A8F17F5E091009C8006 /* Project object */;
}
